
Microsoft Visual Studio Solution File, Format Version 12.00
# Visual Studio 14
VisualStudioVersion = 14.0.22609.0
MinimumVisualStudioVersion = 10.0.40219.1
Project("{F2A71F9B-5D33-465A-A702-920D77279786}") = "PhoneWordFSharp.iOS", "PhoneWordFSharp.iOS\PhoneWordFSharp.iOS.fsproj", "{FD2D417E-9C51-4279-B39E-47C45C41103E}"
EndProject
Project("{F2A71F9B-5D33-465A-A702-920D77279786}") = "PhoneWordFSharp.Core", "PhoneWordFSharp.Core\PhoneWordFSharp.Core.fsproj", "{C748221E-7D7D-46B1-A50D-98A8CE92C0B6}"
EndProject
Project("{F2A71F9B-5D33-465A-A702-920D77279786}") = "PhoneWordFSharp.Droid", "PhoneWordFSharp.Droid\PhoneWordFSharp.Droid.fsproj", "{DE4AE3A4-BD59-4E63-8B3B-D2F44ED80386}"
EndProject
Global
	GlobalSection(SolutionConfigurationPlatforms) = preSolution
		Ad-Hoc|Any CPU = Ad-Hoc|Any CPU
		Ad-Hoc|iPhone = Ad-Hoc|iPhone
		Ad-Hoc|iPhoneSimulator = Ad-Hoc|iPhoneSimulator
		Ad-Hoc|Mixed Platforms = Ad-Hoc|Mixed Platforms
		AppStore|Any CPU = AppStore|Any CPU
		AppStore|iPhone = AppStore|iPhone
		AppStore|iPhoneSimulator = AppStore|iPhoneSimulator
		AppStore|Mixed Platforms = AppStore|Mixed Platforms
		Debug|Any CPU = Debug|Any CPU
		Debug|iPhone = Debug|iPhone
		Debug|iPhoneSimulator = Debug|iPhoneSimulator
		Debug|Mixed Platforms = Debug|Mixed Platforms
		Release|Any CPU = Release|Any CPU
		Release|iPhone = Release|iPhone
		Release|iPhoneSimulator = Release|iPhoneSimulator
		Release|Mixed Platforms = Release|Mixed Platforms
	EndGlobalSection
	GlobalSection(ProjectConfigurationPlatforms) = postSolution
		{FD2D417E-9C51-4279-B39E-47C45C41103E}.Ad-Hoc|Any CPU.ActiveCfg = Ad-Hoc|iPhone
		{FD2D417E-9C51-4279-B39E-47C45C41103E}.Ad-Hoc|iPhone.ActiveCfg = Ad-Hoc|iPhone
		{FD2D417E-9C51-4279-B39E-47C45C41103E}.Ad-Hoc|iPhone.Build.0 = Ad-Hoc|iPhone
		{FD2D417E-9C51-4279-B39E-47C45C41103E}.Ad-Hoc|iPhoneSimulator.ActiveCfg = Ad-Hoc|iPhoneSimulator
		{FD2D417E-9C51-4279-B39E-47C45C41103E}.Ad-Hoc|iPhoneSimulator.Build.0 = Ad-Hoc|iPhoneSimulator
		{FD2D417E-9C51-4279-B39E-47C45C41103E}.Ad-Hoc|Mixed Platforms.ActiveCfg = Ad-Hoc|iPhone
		{FD2D417E-9C51-4279-B39E-47C45C41103E}.Ad-Hoc|Mixed Platforms.Build.0 = Ad-Hoc|iPhone
		{FD2D417E-9C51-4279-B39E-47C45C41103E}.AppStore|Any CPU.ActiveCfg = AppStore|iPhone
		{FD2D417E-9C51-4279-B39E-47C45C41103E}.AppStore|iPhone.ActiveCfg = AppStore|iPhone
		{FD2D417E-9C51-4279-B39E-47C45C41103E}.AppStore|iPhone.Build.0 = AppStore|iPhone
		{FD2D417E-9C51-4279-B39E-47C45C41103E}.AppStore|iPhoneSimulator.ActiveCfg = AppStore|iPhoneSimulator
		{FD2D417E-9C51-4279-B39E-47C45C41103E}.AppStore|iPhoneSimulator.Build.0 = AppStore|iPhoneSimulator
		{FD2D417E-9C51-4279-B39E-47C45C41103E}.AppStore|Mixed Platforms.ActiveCfg = AppStore|iPhone
		{FD2D417E-9C51-4279-B39E-47C45C41103E}.AppStore|Mixed Platforms.Build.0 = AppStore|iPhone
		{FD2D417E-9C51-4279-B39E-47C45C41103E}.Debug|Any CPU.ActiveCfg = Debug|iPhone
		{FD2D417E-9C51-4279-B39E-47C45C41103E}.Debug|iPhone.ActiveCfg = Debug|iPhone
		{FD2D417E-9C51-4279-B39E-47C45C41103E}.Debug|iPhone.Build.0 = Debug|iPhone
		{FD2D417E-9C51-4279-B39E-47C45C41103E}.Debug|iPhoneSimulator.ActiveCfg = Debug|iPhoneSimulator
		{FD2D417E-9C51-4279-B39E-47C45C41103E}.Debug|iPhoneSimulator.Build.0 = Debug|iPhoneSimulator
		{FD2D417E-9C51-4279-B39E-47C45C41103E}.Debug|Mixed Platforms.ActiveCfg = Debug|iPhone
		{FD2D417E-9C51-4279-B39E-47C45C41103E}.Debug|Mixed Platforms.Build.0 = Debug|iPhone
		{FD2D417E-9C51-4279-B39E-47C45C41103E}.Release|Any CPU.ActiveCfg = Release|iPhone
		{FD2D417E-9C51-4279-B39E-47C45C41103E}.Release|iPhone.ActiveCfg = Release|iPhone
		{FD2D417E-9C51-4279-B39E-47C45C41103E}.Release|iPhone.Build.0 = Release|iPhone
		{FD2D417E-9C51-4279-B39E-47C45C41103E}.Release|iPhoneSimulator.ActiveCfg = Release|iPhoneSimulator
		{FD2D417E-9C51-4279-B39E-47C45C41103E}.Release|iPhoneSimulator.Build.0 = Release|iPhoneSimulator
		{FD2D417E-9C51-4279-B39E-47C45C41103E}.Release|Mixed Platforms.ActiveCfg = Release|iPhone
		{FD2D417E-9C51-4279-B39E-47C45C41103E}.Release|Mixed Platforms.Build.0 = Release|iPhone
		{C748221E-7D7D-46B1-A50D-98A8CE92C0B6}.Ad-Hoc|Any CPU.ActiveCfg = Release|Any CPU
		{C748221E-7D7D-46B1-A50D-98A8CE92C0B6}.Ad-Hoc|Any CPU.Build.0 = Release|Any CPU
		{C748221E-7D7D-46B1-A50D-98A8CE92C0B6}.Ad-Hoc|iPhone.ActiveCfg = Release|Any CPU
		{C748221E-7D7D-46B1-A50D-98A8CE92C0B6}.Ad-Hoc|iPhone.Build.0 = Release|Any CPU
		{C748221E-7D7D-46B1-A50D-98A8CE92C0B6}.Ad-Hoc|iPhoneSimulator.ActiveCfg = Release|Any CPU
		{C748221E-7D7D-46B1-A50D-98A8CE92C0B6}.Ad-Hoc|iPhoneSimulator.Build.0 = Release|Any CPU
		{C748221E-7D7D-46B1-A50D-98A8CE92C0B6}.Ad-Hoc|Mixed Platforms.ActiveCfg = Release|Any CPU
		{C748221E-7D7D-46B1-A50D-98A8CE92C0B6}.Ad-Hoc|Mixed Platforms.Build.0 = Release|Any CPU
		{C748221E-7D7D-46B1-A50D-98A8CE92C0B6}.AppStore|Any CPU.ActiveCfg = Release|Any CPU
		{C748221E-7D7D-46B1-A50D-98A8CE92C0B6}.AppStore|Any CPU.Build.0 = Release|Any CPU
		{C748221E-7D7D-46B1-A50D-98A8CE92C0B6}.AppStore|iPhone.ActiveCfg = Release|Any CPU
		{C748221E-7D7D-46B1-A50D-98A8CE92C0B6}.AppStore|iPhone.Build.0 = Release|Any CPU
		{C748221E-7D7D-46B1-A50D-98A8CE92C0B6}.AppStore|iPhoneSimulator.ActiveCfg = Release|Any CPU
		{C748221E-7D7D-46B1-A50D-98A8CE92C0B6}.AppStore|iPhoneSimulator.Build.0 = Release|Any CPU
		{C748221E-7D7D-46B1-A50D-98A8CE92C0B6}.AppStore|Mixed Platforms.ActiveCfg = Release|Any CPU
		{C748221E-7D7D-46B1-A50D-98A8CE92C0B6}.AppStore|Mixed Platforms.Build.0 = Release|Any CPU
		{C748221E-7D7D-46B1-A50D-98A8CE92C0B6}.Debug|Any CPU.ActiveCfg = Debug|Any CPU
		{C748221E-7D7D-46B1-A50D-98A8CE92C0B6}.Debug|Any CPU.Build.0 = Debug|Any CPU
		{C748221E-7D7D-46B1-A50D-98A8CE92C0B6}.Debug|iPhone.ActiveCfg = Debug|Any CPU
		{C748221E-7D7D-46B1-A50D-98A8CE92C0B6}.Debug|iPhone.Build.0 = Debug|Any CPU
		{C748221E-7D7D-46B1-A50D-98A8CE92C0B6}.Debug|iPhoneSimulator.ActiveCfg = Debug|Any CPU
		{C748221E-7D7D-46B1-A50D-98A8CE92C0B6}.Debug|iPhoneSimulator.Build.0 = Debug|Any CPU
		{C748221E-7D7D-46B1-A50D-98A8CE92C0B6}.Debug|Mixed Platforms.ActiveCfg = Debug|Any CPU
		{C748221E-7D7D-46B1-A50D-98A8CE92C0B6}.Debug|Mixed Platforms.Build.0 = Debug|Any CPU
		{C748221E-7D7D-46B1-A50D-98A8CE92C0B6}.Release|Any CPU.ActiveCfg = Release|Any CPU
		{C748221E-7D7D-46B1-A50D-98A8CE92C0B6}.Release|Any CPU.Build.0 = Release|Any CPU
		{C748221E-7D7D-46B1-A50D-98A8CE92C0B6}.Release|iPhone.ActiveCfg = Release|Any CPU
		{C748221E-7D7D-46B1-A50D-98A8CE92C0B6}.Release|iPhone.Build.0 = Release|Any CPU
		{C748221E-7D7D-46B1-A50D-98A8CE92C0B6}.Release|iPhoneSimulator.ActiveCfg = Release|Any CPU
		{C748221E-7D7D-46B1-A50D-98A8CE92C0B6}.Release|iPhoneSimulator.Build.0 = Release|Any CPU
		{C748221E-7D7D-46B1-A50D-98A8CE92C0B6}.Release|Mixed Platforms.ActiveCfg = Release|Any CPU
		{C748221E-7D7D-46B1-A50D-98A8CE92C0B6}.Release|Mixed Platforms.Build.0 = Release|Any CPU
		{DE4AE3A4-BD59-4E63-8B3B-D2F44ED80386}.Ad-Hoc|Any CPU.ActiveCfg = Release|Any CPU
		{DE4AE3A4-BD59-4E63-8B3B-D2F44ED80386}.Ad-Hoc|Any CPU.Build.0 = Release|Any CPU
		{DE4AE3A4-BD59-4E63-8B3B-D2F44ED80386}.Ad-Hoc|Any CPU.Deploy.0 = Release|Any CPU
		{DE4AE3A4-BD59-4E63-8B3B-D2F44ED80386}.Ad-Hoc|iPhone.ActiveCfg = Release|Any CPU
		{DE4AE3A4-BD59-4E63-8B3B-D2F44ED80386}.Ad-Hoc|iPhone.Build.0 = Release|Any CPU
		{DE4AE3A4-BD59-4E63-8B3B-D2F44ED80386}.Ad-Hoc|iPhone.Deploy.0 = Release|Any CPU
		{DE4AE3A4-BD59-4E63-8B3B-D2F44ED80386}.Ad-Hoc|iPhoneSimulator.ActiveCfg = Release|Any CPU
		{DE4AE3A4-BD59-4E63-8B3B-D2F44ED80386}.Ad-Hoc|iPhoneSimulator.Build.0 = Release|Any CPU
		{DE4AE3A4-BD59-4E63-8B3B-D2F44ED80386}.Ad-Hoc|iPhoneSimulator.Deploy.0 = Release|Any CPU
		{DE4AE3A4-BD59-4E63-8B3B-D2F44ED80386}.Ad-Hoc|Mixed Platforms.ActiveCfg = Release|Any CPU
		{DE4AE3A4-BD59-4E63-8B3B-D2F44ED80386}.Ad-Hoc|Mixed Platforms.Build.0 = Release|Any CPU
		{DE4AE3A4-BD59-4E63-8B3B-D2F44ED80386}.Ad-Hoc|Mixed Platforms.Deploy.0 = Release|Any CPU
		{DE4AE3A4-BD59-4E63-8B3B-D2F44ED80386}.AppStore|Any CPU.ActiveCfg = Release|Any CPU
		{DE4AE3A4-BD59-4E63-8B3B-D2F44ED80386}.AppStore|Any CPU.Build.0 = Release|Any CPU
		{DE4AE3A4-BD59-4E63-8B3B-D2F44ED80386}.AppStore|Any CPU.Deploy.0 = Release|Any CPU
		{DE4AE3A4-BD59-4E63-8B3B-D2F44ED80386}.AppStore|iPhone.ActiveCfg = Release|Any CPU
		{DE4AE3A4-BD59-4E63-8B3B-D2F44ED80386}.AppStore|iPhone.Build.0 = Release|Any CPU
		{DE4AE3A4-BD59-4E63-8B3B-D2F44ED80386}.AppStore|iPhone.Deploy.0 = Release|Any CPU
		{DE4AE3A4-BD59-4E63-8B3B-D2F44ED80386}.AppStore|iPhoneSimulator.ActiveCfg = Release|Any CPU
		{DE4AE3A4-BD59-4E63-8B3B-D2F44ED80386}.AppStore|iPhoneSimulator.Build.0 = Release|Any CPU
		{DE4AE3A4-BD59-4E63-8B3B-D2F44ED80386}.AppStore|iPhoneSimulator.Deploy.0 = Release|Any CPU
		{DE4AE3A4-BD59-4E63-8B3B-D2F44ED80386}.AppStore|Mixed Platforms.ActiveCfg = Release|Any CPU
		{DE4AE3A4-BD59-4E63-8B3B-D2F44ED80386}.AppStore|Mixed Platforms.Build.0 = Release|Any CPU
		{DE4AE3A4-BD59-4E63-8B3B-D2F44ED80386}.AppStore|Mixed Platforms.Deploy.0 = Release|Any CPU
		{DE4AE3A4-BD59-4E63-8B3B-D2F44ED80386}.Debug|Any CPU.ActiveCfg = Debug|Any CPU
		{DE4AE3A4-BD59-4E63-8B3B-D2F44ED80386}.Debug|Any CPU.Build.0 = Debug|Any CPU
		{DE4AE3A4-BD59-4E63-8B3B-D2F44ED80386}.Debug|Any CPU.Deploy.0 = Debug|Any CPU
		{DE4AE3A4-BD59-4E63-8B3B-D2F44ED80386}.Debug|iPhone.ActiveCfg = Debug|Any CPU
		{DE4AE3A4-BD59-4E63-8B3B-D2F44ED80386}.Debug|iPhone.Build.0 = Debug|Any CPU
		{DE4AE3A4-BD59-4E63-8B3B-D2F44ED80386}.Debug|iPhone.Deploy.0 = Debug|Any CPU
		{DE4AE3A4-BD59-4E63-8B3B-D2F44ED80386}.Debug|iPhoneSimulator.ActiveCfg = Debug|Any CPU
		{DE4AE3A4-BD59-4E63-8B3B-D2F44ED80386}.Debug|iPhoneSimulator.Build.0 = Debug|Any CPU
		{DE4AE3A4-BD59-4E63-8B3B-D2F44ED80386}.Debug|iPhoneSimulator.Deploy.0 = Debug|Any CPU
		{DE4AE3A4-BD59-4E63-8B3B-D2F44ED80386}.Debug|Mixed Platforms.ActiveCfg = Debug|Any CPU
		{DE4AE3A4-BD59-4E63-8B3B-D2F44ED80386}.Debug|Mixed Platforms.Build.0 = Debug|Any CPU
		{DE4AE3A4-BD59-4E63-8B3B-D2F44ED80386}.Debug|Mixed Platforms.Deploy.0 = Debug|Any CPU
		{DE4AE3A4-BD59-4E63-8B3B-D2F44ED80386}.Release|Any CPU.ActiveCfg = Release|Any CPU
		{DE4AE3A4-BD59-4E63-8B3B-D2F44ED80386}.Release|Any CPU.Build.0 = Release|Any CPU
		{DE4AE3A4-BD59-4E63-8B3B-D2F44ED80386}.Release|Any CPU.Deploy.0 = Release|Any CPU
		{DE4AE3A4-BD59-4E63-8B3B-D2F44ED80386}.Release|iPhone.ActiveCfg = Release|Any CPU
		{DE4AE3A4-BD59-4E63-8B3B-D2F44ED80386}.Release|iPhone.Build.0 = Release|Any CPU
		{DE4AE3A4-BD59-4E63-8B3B-D2F44ED80386}.Release|iPhone.Deploy.0 = Release|Any CPU
		{DE4AE3A4-BD59-4E63-8B3B-D2F44ED80386}.Release|iPhoneSimulator.ActiveCfg = Release|Any CPU
		{DE4AE3A4-BD59-4E63-8B3B-D2F44ED80386}.Release|iPhoneSimulator.Build.0 = Release|Any CPU
		{DE4AE3A4-BD59-4E63-8B3B-D2F44ED80386}.Release|iPhoneSimulator.Deploy.0 = Release|Any CPU
		{DE4AE3A4-BD59-4E63-8B3B-D2F44ED80386}.Release|Mixed Platforms.ActiveCfg = Release|Any CPU
		{DE4AE3A4-BD59-4E63-8B3B-D2F44ED80386}.Release|Mixed Platforms.Build.0 = Release|Any CPU
		{DE4AE3A4-BD59-4E63-8B3B-D2F44ED80386}.Release|Mixed Platforms.Deploy.0 = Release|Any CPU
	EndGlobalSection
	GlobalSection(SolutionProperties) = preSolution
		HideSolutionNode = FALSE
	EndGlobalSection
EndGlobal
