
Microsoft Visual Studio Solution File, Format Version 12.00
# Visual Studio 14
VisualStudioVersion = 14.0.22823.1
MinimumVisualStudioVersion = 10.0.40219.1
Project("{FAE04EC0-301F-11D3-BF4B-00C04F79EFBC}") = "DisclosureAccessoryDemo", "DisclosureAccessoryDemo\DisclosureAccessoryDemo\DisclosureAccessoryDemo.csproj", "{EBFFC828-C21D-451E-BCE8-F716A6A5ABB8}"
EndProject
Project("{FAE04EC0-301F-11D3-BF4B-00C04F79EFBC}") = "DisclosureAccessoryDemo.iOS", "DisclosureAccessoryDemo\DisclosureAccessoryDemo.iOS\DisclosureAccessoryDemo.iOS.csproj", "{3622199C-B2F6-4D1A-9D7C-D6B236BC63B8}"
EndProject
Project("{FAE04EC0-301F-11D3-BF4B-00C04F79EFBC}") = "DisclosureAccessoryDemo.Droid", "DisclosureAccessoryDemo\DisclosureAccessoryDemo.Droid\DisclosureAccessoryDemo.Droid.csproj", "{BD699227-7173-4E6C-ABC5-C26A80D2E465}"
EndProject
Project("{FAE04EC0-301F-11D3-BF4B-00C04F79EFBC}") = "DisclosureAccessoryDemo.WinPhone", "DisclosureAccessoryDemo\DisclosureAccessoryDemo.WinPhone\DisclosureAccessoryDemo.WinPhone.csproj", "{A6E27A23-7F64-4F0F-A7E2-C8DA09AD32E2}"
EndProject
Global
	GlobalSection(SolutionConfigurationPlatforms) = preSolution
		Ad-Hoc|Any CPU = Ad-Hoc|Any CPU
		Ad-Hoc|ARM = Ad-Hoc|ARM
		Ad-Hoc|iPhone = Ad-Hoc|iPhone
		Ad-Hoc|iPhoneSimulator = Ad-Hoc|iPhoneSimulator
		Ad-Hoc|x86 = Ad-Hoc|x86
		AppStore|Any CPU = AppStore|Any CPU
		AppStore|ARM = AppStore|ARM
		AppStore|iPhone = AppStore|iPhone
		AppStore|iPhoneSimulator = AppStore|iPhoneSimulator
		AppStore|x86 = AppStore|x86
		Debug|Any CPU = Debug|Any CPU
		Debug|ARM = Debug|ARM
		Debug|iPhone = Debug|iPhone
		Debug|iPhoneSimulator = Debug|iPhoneSimulator
		Debug|x86 = Debug|x86
		Release|Any CPU = Release|Any CPU
		Release|ARM = Release|ARM
		Release|iPhone = Release|iPhone
		Release|iPhoneSimulator = Release|iPhoneSimulator
		Release|x86 = Release|x86
	EndGlobalSection
	GlobalSection(ProjectConfigurationPlatforms) = postSolution
		{EBFFC828-C21D-451E-BCE8-F716A6A5ABB8}.Ad-Hoc|Any CPU.ActiveCfg = Release|Any CPU
		{EBFFC828-C21D-451E-BCE8-F716A6A5ABB8}.Ad-Hoc|Any CPU.Build.0 = Release|Any CPU
		{EBFFC828-C21D-451E-BCE8-F716A6A5ABB8}.Ad-Hoc|ARM.ActiveCfg = Release|Any CPU
		{EBFFC828-C21D-451E-BCE8-F716A6A5ABB8}.Ad-Hoc|ARM.Build.0 = Release|Any CPU
		{EBFFC828-C21D-451E-BCE8-F716A6A5ABB8}.Ad-Hoc|iPhone.ActiveCfg = Release|Any CPU
		{EBFFC828-C21D-451E-BCE8-F716A6A5ABB8}.Ad-Hoc|iPhone.Build.0 = Release|Any CPU
		{EBFFC828-C21D-451E-BCE8-F716A6A5ABB8}.Ad-Hoc|iPhoneSimulator.ActiveCfg = Release|Any CPU
		{EBFFC828-C21D-451E-BCE8-F716A6A5ABB8}.Ad-Hoc|iPhoneSimulator.Build.0 = Release|Any CPU
		{EBFFC828-C21D-451E-BCE8-F716A6A5ABB8}.Ad-Hoc|x86.ActiveCfg = Release|Any CPU
		{EBFFC828-C21D-451E-BCE8-F716A6A5ABB8}.Ad-Hoc|x86.Build.0 = Release|Any CPU
		{EBFFC828-C21D-451E-BCE8-F716A6A5ABB8}.AppStore|Any CPU.ActiveCfg = Release|Any CPU
		{EBFFC828-C21D-451E-BCE8-F716A6A5ABB8}.AppStore|Any CPU.Build.0 = Release|Any CPU
		{EBFFC828-C21D-451E-BCE8-F716A6A5ABB8}.AppStore|ARM.ActiveCfg = Release|Any CPU
		{EBFFC828-C21D-451E-BCE8-F716A6A5ABB8}.AppStore|ARM.Build.0 = Release|Any CPU
		{EBFFC828-C21D-451E-BCE8-F716A6A5ABB8}.AppStore|iPhone.ActiveCfg = Release|Any CPU
		{EBFFC828-C21D-451E-BCE8-F716A6A5ABB8}.AppStore|iPhone.Build.0 = Release|Any CPU
		{EBFFC828-C21D-451E-BCE8-F716A6A5ABB8}.AppStore|iPhoneSimulator.ActiveCfg = Release|Any CPU
		{EBFFC828-C21D-451E-BCE8-F716A6A5ABB8}.AppStore|iPhoneSimulator.Build.0 = Release|Any CPU
		{EBFFC828-C21D-451E-BCE8-F716A6A5ABB8}.AppStore|x86.ActiveCfg = Release|Any CPU
		{EBFFC828-C21D-451E-BCE8-F716A6A5ABB8}.AppStore|x86.Build.0 = Release|Any CPU
		{EBFFC828-C21D-451E-BCE8-F716A6A5ABB8}.Debug|Any CPU.ActiveCfg = Debug|Any CPU
		{EBFFC828-C21D-451E-BCE8-F716A6A5ABB8}.Debug|Any CPU.Build.0 = Debug|Any CPU
		{EBFFC828-C21D-451E-BCE8-F716A6A5ABB8}.Debug|ARM.ActiveCfg = Debug|Any CPU
		{EBFFC828-C21D-451E-BCE8-F716A6A5ABB8}.Debug|ARM.Build.0 = Debug|Any CPU
		{EBFFC828-C21D-451E-BCE8-F716A6A5ABB8}.Debug|iPhone.ActiveCfg = Debug|Any CPU
		{EBFFC828-C21D-451E-BCE8-F716A6A5ABB8}.Debug|iPhone.Build.0 = Debug|Any CPU
		{EBFFC828-C21D-451E-BCE8-F716A6A5ABB8}.Debug|iPhoneSimulator.ActiveCfg = Debug|Any CPU
		{EBFFC828-C21D-451E-BCE8-F716A6A5ABB8}.Debug|iPhoneSimulator.Build.0 = Debug|Any CPU
		{EBFFC828-C21D-451E-BCE8-F716A6A5ABB8}.Debug|x86.ActiveCfg = Debug|Any CPU
		{EBFFC828-C21D-451E-BCE8-F716A6A5ABB8}.Debug|x86.Build.0 = Debug|Any CPU
		{EBFFC828-C21D-451E-BCE8-F716A6A5ABB8}.Release|Any CPU.ActiveCfg = Release|Any CPU
		{EBFFC828-C21D-451E-BCE8-F716A6A5ABB8}.Release|Any CPU.Build.0 = Release|Any CPU
		{EBFFC828-C21D-451E-BCE8-F716A6A5ABB8}.Release|ARM.ActiveCfg = Release|Any CPU
		{EBFFC828-C21D-451E-BCE8-F716A6A5ABB8}.Release|ARM.Build.0 = Release|Any CPU
		{EBFFC828-C21D-451E-BCE8-F716A6A5ABB8}.Release|iPhone.ActiveCfg = Release|Any CPU
		{EBFFC828-C21D-451E-BCE8-F716A6A5ABB8}.Release|iPhone.Build.0 = Release|Any CPU
		{EBFFC828-C21D-451E-BCE8-F716A6A5ABB8}.Release|iPhoneSimulator.ActiveCfg = Release|Any CPU
		{EBFFC828-C21D-451E-BCE8-F716A6A5ABB8}.Release|iPhoneSimulator.Build.0 = Release|Any CPU
		{EBFFC828-C21D-451E-BCE8-F716A6A5ABB8}.Release|x86.ActiveCfg = Release|Any CPU
		{EBFFC828-C21D-451E-BCE8-F716A6A5ABB8}.Release|x86.Build.0 = Release|Any CPU
		{3622199C-B2F6-4D1A-9D7C-D6B236BC63B8}.Ad-Hoc|Any CPU.ActiveCfg = Ad-Hoc|iPhone
		{3622199C-B2F6-4D1A-9D7C-D6B236BC63B8}.Ad-Hoc|ARM.ActiveCfg = Ad-Hoc|iPhone
		{3622199C-B2F6-4D1A-9D7C-D6B236BC63B8}.Ad-Hoc|iPhone.ActiveCfg = Ad-Hoc|iPhone
		{3622199C-B2F6-4D1A-9D7C-D6B236BC63B8}.Ad-Hoc|iPhone.Build.0 = Ad-Hoc|iPhone
		{3622199C-B2F6-4D1A-9D7C-D6B236BC63B8}.Ad-Hoc|iPhoneSimulator.ActiveCfg = Ad-Hoc|iPhoneSimulator
		{3622199C-B2F6-4D1A-9D7C-D6B236BC63B8}.Ad-Hoc|iPhoneSimulator.Build.0 = Ad-Hoc|iPhoneSimulator
		{3622199C-B2F6-4D1A-9D7C-D6B236BC63B8}.Ad-Hoc|x86.ActiveCfg = Ad-Hoc|iPhone
		{3622199C-B2F6-4D1A-9D7C-D6B236BC63B8}.AppStore|Any CPU.ActiveCfg = AppStore|iPhone
		{3622199C-B2F6-4D1A-9D7C-D6B236BC63B8}.AppStore|ARM.ActiveCfg = AppStore|iPhone
		{3622199C-B2F6-4D1A-9D7C-D6B236BC63B8}.AppStore|iPhone.ActiveCfg = AppStore|iPhone
		{3622199C-B2F6-4D1A-9D7C-D6B236BC63B8}.AppStore|iPhone.Build.0 = AppStore|iPhone
		{3622199C-B2F6-4D1A-9D7C-D6B236BC63B8}.AppStore|iPhoneSimulator.ActiveCfg = AppStore|iPhoneSimulator
		{3622199C-B2F6-4D1A-9D7C-D6B236BC63B8}.AppStore|iPhoneSimulator.Build.0 = AppStore|iPhoneSimulator
		{3622199C-B2F6-4D1A-9D7C-D6B236BC63B8}.AppStore|x86.ActiveCfg = AppStore|iPhone
		{3622199C-B2F6-4D1A-9D7C-D6B236BC63B8}.Debug|Any CPU.ActiveCfg = Debug|iPhone
		{3622199C-B2F6-4D1A-9D7C-D6B236BC63B8}.Debug|ARM.ActiveCfg = Debug|iPhone
		{3622199C-B2F6-4D1A-9D7C-D6B236BC63B8}.Debug|iPhone.ActiveCfg = Debug|iPhone
		{3622199C-B2F6-4D1A-9D7C-D6B236BC63B8}.Debug|iPhone.Build.0 = Debug|iPhone
		{3622199C-B2F6-4D1A-9D7C-D6B236BC63B8}.Debug|iPhoneSimulator.ActiveCfg = Debug|iPhoneSimulator
		{3622199C-B2F6-4D1A-9D7C-D6B236BC63B8}.Debug|iPhoneSimulator.Build.0 = Debug|iPhoneSimulator
		{3622199C-B2F6-4D1A-9D7C-D6B236BC63B8}.Debug|x86.ActiveCfg = Debug|iPhone
		{3622199C-B2F6-4D1A-9D7C-D6B236BC63B8}.Release|Any CPU.ActiveCfg = Release|iPhone
		{3622199C-B2F6-4D1A-9D7C-D6B236BC63B8}.Release|ARM.ActiveCfg = Release|iPhone
		{3622199C-B2F6-4D1A-9D7C-D6B236BC63B8}.Release|iPhone.ActiveCfg = Release|iPhone
		{3622199C-B2F6-4D1A-9D7C-D6B236BC63B8}.Release|iPhone.Build.0 = Release|iPhone
		{3622199C-B2F6-4D1A-9D7C-D6B236BC63B8}.Release|iPhoneSimulator.ActiveCfg = Release|iPhoneSimulator
		{3622199C-B2F6-4D1A-9D7C-D6B236BC63B8}.Release|iPhoneSimulator.Build.0 = Release|iPhoneSimulator
		{3622199C-B2F6-4D1A-9D7C-D6B236BC63B8}.Release|x86.ActiveCfg = Release|iPhone
		{BD699227-7173-4E6C-ABC5-C26A80D2E465}.Ad-Hoc|Any CPU.ActiveCfg = Release|Any CPU
		{BD699227-7173-4E6C-ABC5-C26A80D2E465}.Ad-Hoc|Any CPU.Build.0 = Release|Any CPU
		{BD699227-7173-4E6C-ABC5-C26A80D2E465}.Ad-Hoc|Any CPU.Deploy.0 = Release|Any CPU
		{BD699227-7173-4E6C-ABC5-C26A80D2E465}.Ad-Hoc|ARM.ActiveCfg = Release|Any CPU
		{BD699227-7173-4E6C-ABC5-C26A80D2E465}.Ad-Hoc|ARM.Build.0 = Release|Any CPU
		{BD699227-7173-4E6C-ABC5-C26A80D2E465}.Ad-Hoc|ARM.Deploy.0 = Release|Any CPU
		{BD699227-7173-4E6C-ABC5-C26A80D2E465}.Ad-Hoc|iPhone.ActiveCfg = Release|Any CPU
		{BD699227-7173-4E6C-ABC5-C26A80D2E465}.Ad-Hoc|iPhone.Build.0 = Release|Any CPU
		{BD699227-7173-4E6C-ABC5-C26A80D2E465}.Ad-Hoc|iPhone.Deploy.0 = Release|Any CPU
		{BD699227-7173-4E6C-ABC5-C26A80D2E465}.Ad-Hoc|iPhoneSimulator.ActiveCfg = Release|Any CPU
		{BD699227-7173-4E6C-ABC5-C26A80D2E465}.Ad-Hoc|iPhoneSimulator.Build.0 = Release|Any CPU
		{BD699227-7173-4E6C-ABC5-C26A80D2E465}.Ad-Hoc|iPhoneSimulator.Deploy.0 = Release|Any CPU
		{BD699227-7173-4E6C-ABC5-C26A80D2E465}.Ad-Hoc|x86.ActiveCfg = Release|Any CPU
		{BD699227-7173-4E6C-ABC5-C26A80D2E465}.Ad-Hoc|x86.Build.0 = Release|Any CPU
		{BD699227-7173-4E6C-ABC5-C26A80D2E465}.Ad-Hoc|x86.Deploy.0 = Release|Any CPU
		{BD699227-7173-4E6C-ABC5-C26A80D2E465}.AppStore|Any CPU.ActiveCfg = Release|Any CPU
		{BD699227-7173-4E6C-ABC5-C26A80D2E465}.AppStore|Any CPU.Build.0 = Release|Any CPU
		{BD699227-7173-4E6C-ABC5-C26A80D2E465}.AppStore|Any CPU.Deploy.0 = Release|Any CPU
		{BD699227-7173-4E6C-ABC5-C26A80D2E465}.AppStore|ARM.ActiveCfg = Release|Any CPU
		{BD699227-7173-4E6C-ABC5-C26A80D2E465}.AppStore|ARM.Build.0 = Release|Any CPU
		{BD699227-7173-4E6C-ABC5-C26A80D2E465}.AppStore|ARM.Deploy.0 = Release|Any CPU
		{BD699227-7173-4E6C-ABC5-C26A80D2E465}.AppStore|iPhone.ActiveCfg = Release|Any CPU
		{BD699227-7173-4E6C-ABC5-C26A80D2E465}.AppStore|iPhone.Build.0 = Release|Any CPU
		{BD699227-7173-4E6C-ABC5-C26A80D2E465}.AppStore|iPhone.Deploy.0 = Release|Any CPU
		{BD699227-7173-4E6C-ABC5-C26A80D2E465}.AppStore|iPhoneSimulator.ActiveCfg = Release|Any CPU
		{BD699227-7173-4E6C-ABC5-C26A80D2E465}.AppStore|iPhoneSimulator.Build.0 = Release|Any CPU
		{BD699227-7173-4E6C-ABC5-C26A80D2E465}.AppStore|iPhoneSimulator.Deploy.0 = Release|Any CPU
		{BD699227-7173-4E6C-ABC5-C26A80D2E465}.AppStore|x86.ActiveCfg = Release|Any CPU
		{BD699227-7173-4E6C-ABC5-C26A80D2E465}.AppStore|x86.Build.0 = Release|Any CPU
		{BD699227-7173-4E6C-ABC5-C26A80D2E465}.AppStore|x86.Deploy.0 = Release|Any CPU
		{BD699227-7173-4E6C-ABC5-C26A80D2E465}.Debug|Any CPU.ActiveCfg = Debug|Any CPU
		{BD699227-7173-4E6C-ABC5-C26A80D2E465}.Debug|Any CPU.Build.0 = Debug|Any CPU
		{BD699227-7173-4E6C-ABC5-C26A80D2E465}.Debug|Any CPU.Deploy.0 = Debug|Any CPU
		{BD699227-7173-4E6C-ABC5-C26A80D2E465}.Debug|ARM.ActiveCfg = Debug|Any CPU
		{BD699227-7173-4E6C-ABC5-C26A80D2E465}.Debug|ARM.Build.0 = Debug|Any CPU
		{BD699227-7173-4E6C-ABC5-C26A80D2E465}.Debug|ARM.Deploy.0 = Debug|Any CPU
		{BD699227-7173-4E6C-ABC5-C26A80D2E465}.Debug|iPhone.ActiveCfg = Debug|Any CPU
		{BD699227-7173-4E6C-ABC5-C26A80D2E465}.Debug|iPhone.Build.0 = Debug|Any CPU
		{BD699227-7173-4E6C-ABC5-C26A80D2E465}.Debug|iPhone.Deploy.0 = Debug|Any CPU
		{BD699227-7173-4E6C-ABC5-C26A80D2E465}.Debug|iPhoneSimulator.ActiveCfg = Debug|Any CPU
		{BD699227-7173-4E6C-ABC5-C26A80D2E465}.Debug|iPhoneSimulator.Build.0 = Debug|Any CPU
		{BD699227-7173-4E6C-ABC5-C26A80D2E465}.Debug|iPhoneSimulator.Deploy.0 = Debug|Any CPU
		{BD699227-7173-4E6C-ABC5-C26A80D2E465}.Debug|x86.ActiveCfg = Debug|Any CPU
		{BD699227-7173-4E6C-ABC5-C26A80D2E465}.Debug|x86.Build.0 = Debug|Any CPU
		{BD699227-7173-4E6C-ABC5-C26A80D2E465}.Debug|x86.Deploy.0 = Debug|Any CPU
		{BD699227-7173-4E6C-ABC5-C26A80D2E465}.Release|Any CPU.ActiveCfg = Release|Any CPU
		{BD699227-7173-4E6C-ABC5-C26A80D2E465}.Release|Any CPU.Build.0 = Release|Any CPU
		{BD699227-7173-4E6C-ABC5-C26A80D2E465}.Release|Any CPU.Deploy.0 = Release|Any CPU
		{BD699227-7173-4E6C-ABC5-C26A80D2E465}.Release|ARM.ActiveCfg = Release|Any CPU
		{BD699227-7173-4E6C-ABC5-C26A80D2E465}.Release|ARM.Build.0 = Release|Any CPU
		{BD699227-7173-4E6C-ABC5-C26A80D2E465}.Release|ARM.Deploy.0 = Release|Any CPU
		{BD699227-7173-4E6C-ABC5-C26A80D2E465}.Release|iPhone.ActiveCfg = Release|Any CPU
		{BD699227-7173-4E6C-ABC5-C26A80D2E465}.Release|iPhone.Build.0 = Release|Any CPU
		{BD699227-7173-4E6C-ABC5-C26A80D2E465}.Release|iPhone.Deploy.0 = Release|Any CPU
		{BD699227-7173-4E6C-ABC5-C26A80D2E465}.Release|iPhoneSimulator.ActiveCfg = Release|Any CPU
		{BD699227-7173-4E6C-ABC5-C26A80D2E465}.Release|iPhoneSimulator.Build.0 = Release|Any CPU
		{BD699227-7173-4E6C-ABC5-C26A80D2E465}.Release|iPhoneSimulator.Deploy.0 = Release|Any CPU
		{BD699227-7173-4E6C-ABC5-C26A80D2E465}.Release|x86.ActiveCfg = Release|Any CPU
		{BD699227-7173-4E6C-ABC5-C26A80D2E465}.Release|x86.Build.0 = Release|Any CPU
		{BD699227-7173-4E6C-ABC5-C26A80D2E465}.Release|x86.Deploy.0 = Release|Any CPU
		{A6E27A23-7F64-4F0F-A7E2-C8DA09AD32E2}.Ad-Hoc|Any CPU.ActiveCfg = Release|Any CPU
		{A6E27A23-7F64-4F0F-A7E2-C8DA09AD32E2}.Ad-Hoc|Any CPU.Build.0 = Release|Any CPU
		{A6E27A23-7F64-4F0F-A7E2-C8DA09AD32E2}.Ad-Hoc|Any CPU.Deploy.0 = Release|Any CPU
		{A6E27A23-7F64-4F0F-A7E2-C8DA09AD32E2}.Ad-Hoc|ARM.ActiveCfg = Release|ARM
		{A6E27A23-7F64-4F0F-A7E2-C8DA09AD32E2}.Ad-Hoc|ARM.Build.0 = Release|ARM
		{A6E27A23-7F64-4F0F-A7E2-C8DA09AD32E2}.Ad-Hoc|ARM.Deploy.0 = Release|ARM
		{A6E27A23-7F64-4F0F-A7E2-C8DA09AD32E2}.Ad-Hoc|iPhone.ActiveCfg = Release|Any CPU
		{A6E27A23-7F64-4F0F-A7E2-C8DA09AD32E2}.Ad-Hoc|iPhone.Build.0 = Release|Any CPU
		{A6E27A23-7F64-4F0F-A7E2-C8DA09AD32E2}.Ad-Hoc|iPhone.Deploy.0 = Release|Any CPU
		{A6E27A23-7F64-4F0F-A7E2-C8DA09AD32E2}.Ad-Hoc|iPhoneSimulator.ActiveCfg = Release|Any CPU
		{A6E27A23-7F64-4F0F-A7E2-C8DA09AD32E2}.Ad-Hoc|iPhoneSimulator.Build.0 = Release|Any CPU
		{A6E27A23-7F64-4F0F-A7E2-C8DA09AD32E2}.Ad-Hoc|iPhoneSimulator.Deploy.0 = Release|Any CPU
		{A6E27A23-7F64-4F0F-A7E2-C8DA09AD32E2}.Ad-Hoc|x86.ActiveCfg = Release|x86
		{A6E27A23-7F64-4F0F-A7E2-C8DA09AD32E2}.Ad-Hoc|x86.Build.0 = Release|x86
		{A6E27A23-7F64-4F0F-A7E2-C8DA09AD32E2}.Ad-Hoc|x86.Deploy.0 = Release|x86
		{A6E27A23-7F64-4F0F-A7E2-C8DA09AD32E2}.AppStore|Any CPU.ActiveCfg = Release|Any CPU
		{A6E27A23-7F64-4F0F-A7E2-C8DA09AD32E2}.AppStore|Any CPU.Build.0 = Release|Any CPU
		{A6E27A23-7F64-4F0F-A7E2-C8DA09AD32E2}.AppStore|Any CPU.Deploy.0 = Release|Any CPU
		{A6E27A23-7F64-4F0F-A7E2-C8DA09AD32E2}.AppStore|ARM.ActiveCfg = Release|ARM
		{A6E27A23-7F64-4F0F-A7E2-C8DA09AD32E2}.AppStore|ARM.Build.0 = Release|ARM
		{A6E27A23-7F64-4F0F-A7E2-C8DA09AD32E2}.AppStore|ARM.Deploy.0 = Release|ARM
		{A6E27A23-7F64-4F0F-A7E2-C8DA09AD32E2}.AppStore|iPhone.ActiveCfg = Release|Any CPU
		{A6E27A23-7F64-4F0F-A7E2-C8DA09AD32E2}.AppStore|iPhone.Build.0 = Release|Any CPU
		{A6E27A23-7F64-4F0F-A7E2-C8DA09AD32E2}.AppStore|iPhone.Deploy.0 = Release|Any CPU
		{A6E27A23-7F64-4F0F-A7E2-C8DA09AD32E2}.AppStore|iPhoneSimulator.ActiveCfg = Release|Any CPU
		{A6E27A23-7F64-4F0F-A7E2-C8DA09AD32E2}.AppStore|iPhoneSimulator.Build.0 = Release|Any CPU
		{A6E27A23-7F64-4F0F-A7E2-C8DA09AD32E2}.AppStore|iPhoneSimulator.Deploy.0 = Release|Any CPU
		{A6E27A23-7F64-4F0F-A7E2-C8DA09AD32E2}.AppStore|x86.ActiveCfg = Release|x86
		{A6E27A23-7F64-4F0F-A7E2-C8DA09AD32E2}.AppStore|x86.Build.0 = Release|x86
		{A6E27A23-7F64-4F0F-A7E2-C8DA09AD32E2}.AppStore|x86.Deploy.0 = Release|x86
		{A6E27A23-7F64-4F0F-A7E2-C8DA09AD32E2}.Debug|Any CPU.ActiveCfg = Debug|Any CPU
		{A6E27A23-7F64-4F0F-A7E2-C8DA09AD32E2}.Debug|Any CPU.Build.0 = Debug|Any CPU
		{A6E27A23-7F64-4F0F-A7E2-C8DA09AD32E2}.Debug|Any CPU.Deploy.0 = Debug|Any CPU
		{A6E27A23-7F64-4F0F-A7E2-C8DA09AD32E2}.Debug|ARM.ActiveCfg = Debug|ARM
		{A6E27A23-7F64-4F0F-A7E2-C8DA09AD32E2}.Debug|ARM.Build.0 = Debug|ARM
		{A6E27A23-7F64-4F0F-A7E2-C8DA09AD32E2}.Debug|ARM.Deploy.0 = Debug|ARM
		{A6E27A23-7F64-4F0F-A7E2-C8DA09AD32E2}.Debug|iPhone.ActiveCfg = Debug|Any CPU
		{A6E27A23-7F64-4F0F-A7E2-C8DA09AD32E2}.Debug|iPhone.Build.0 = Debug|Any CPU
		{A6E27A23-7F64-4F0F-A7E2-C8DA09AD32E2}.Debug|iPhone.Deploy.0 = Debug|Any CPU
		{A6E27A23-7F64-4F0F-A7E2-C8DA09AD32E2}.Debug|iPhoneSimulator.ActiveCfg = Debug|Any CPU
		{A6E27A23-7F64-4F0F-A7E2-C8DA09AD32E2}.Debug|iPhoneSimulator.Build.0 = Debug|Any CPU
		{A6E27A23-7F64-4F0F-A7E2-C8DA09AD32E2}.Debug|iPhoneSimulator.Deploy.0 = Debug|Any CPU
		{A6E27A23-7F64-4F0F-A7E2-C8DA09AD32E2}.Debug|x86.ActiveCfg = Debug|x86
		{A6E27A23-7F64-4F0F-A7E2-C8DA09AD32E2}.Debug|x86.Build.0 = Debug|x86
		{A6E27A23-7F64-4F0F-A7E2-C8DA09AD32E2}.Debug|x86.Deploy.0 = Debug|x86
		{A6E27A23-7F64-4F0F-A7E2-C8DA09AD32E2}.Release|Any CPU.ActiveCfg = Release|Any CPU
		{A6E27A23-7F64-4F0F-A7E2-C8DA09AD32E2}.Release|Any CPU.Build.0 = Release|Any CPU
		{A6E27A23-7F64-4F0F-A7E2-C8DA09AD32E2}.Release|Any CPU.Deploy.0 = Release|Any CPU
		{A6E27A23-7F64-4F0F-A7E2-C8DA09AD32E2}.Release|ARM.ActiveCfg = Release|ARM
		{A6E27A23-7F64-4F0F-A7E2-C8DA09AD32E2}.Release|ARM.Build.0 = Release|ARM
		{A6E27A23-7F64-4F0F-A7E2-C8DA09AD32E2}.Release|ARM.Deploy.0 = Release|ARM
		{A6E27A23-7F64-4F0F-A7E2-C8DA09AD32E2}.Release|iPhone.ActiveCfg = Release|Any CPU
		{A6E27A23-7F64-4F0F-A7E2-C8DA09AD32E2}.Release|iPhone.Build.0 = Release|Any CPU
		{A6E27A23-7F64-4F0F-A7E2-C8DA09AD32E2}.Release|iPhone.Deploy.0 = Release|Any CPU
		{A6E27A23-7F64-4F0F-A7E2-C8DA09AD32E2}.Release|iPhoneSimulator.ActiveCfg = Release|Any CPU
		{A6E27A23-7F64-4F0F-A7E2-C8DA09AD32E2}.Release|iPhoneSimulator.Build.0 = Release|Any CPU
		{A6E27A23-7F64-4F0F-A7E2-C8DA09AD32E2}.Release|iPhoneSimulator.Deploy.0 = Release|Any CPU
		{A6E27A23-7F64-4F0F-A7E2-C8DA09AD32E2}.Release|x86.ActiveCfg = Release|x86
		{A6E27A23-7F64-4F0F-A7E2-C8DA09AD32E2}.Release|x86.Build.0 = Release|x86
		{A6E27A23-7F64-4F0F-A7E2-C8DA09AD32E2}.Release|x86.Deploy.0 = Release|x86
	EndGlobalSection
	GlobalSection(SolutionProperties) = preSolution
		HideSolutionNode = FALSE
	EndGlobalSection
EndGlobal
