
Microsoft Visual Studio Solution File, Format Version 12.00
# Visual Studio 2012
VisualStudioVersion = 14.0.22609.0
MinimumVisualStudioVersion = 10.0.40219.1
Project("{FAE04EC0-301F-11D3-BF4B-00C04F79EFBC}") = "TextStylesDemo", "TextStylesDemo\TextStylesDemo\TextStylesDemo.csproj", "{B147F97D-9999-4F81-B8FC-2179A73014C6}"
EndProject
Project("{FAE04EC0-301F-11D3-BF4B-00C04F79EFBC}") = "TextStylesDemo.iOS", "TextStylesDemo\TextStylesDemo.iOS\TextStylesDemo.iOS.csproj", "{568A87D0-E17A-46C6-9A40-67022240BB48}"
EndProject
Project("{FAE04EC0-301F-11D3-BF4B-00C04F79EFBC}") = "TextStylesDemo.Droid", "TextStylesDemo\TextStylesDemo.Droid\TextStylesDemo.Droid.csproj", "{91465B26-748F-4AC9-94F6-F53A309B3195}"
EndProject
Project("{FAE04EC0-301F-11D3-BF4B-00C04F79EFBC}") = "TextStylesDemo.WinPhone", "TextStylesDemo\TextStylesDemo.WinPhone\TextStylesDemo.WinPhone.csproj", "{D944AC04-4792-4ABB-AB42-EA71DB08EA05}"
EndProject
Global
	GlobalSection(SolutionConfigurationPlatforms) = preSolution
		Ad-Hoc|Any CPU = Ad-Hoc|Any CPU
		Ad-Hoc|ARM = Ad-Hoc|ARM
		Ad-Hoc|iPhone = Ad-Hoc|iPhone
		Ad-Hoc|iPhoneSimulator = Ad-Hoc|iPhoneSimulator
		Ad-Hoc|x86 = Ad-Hoc|x86
		AppStore|Any CPU = AppStore|Any CPU
		AppStore|ARM = AppStore|ARM
		AppStore|iPhone = AppStore|iPhone
		AppStore|iPhoneSimulator = AppStore|iPhoneSimulator
		AppStore|x86 = AppStore|x86
		Debug|Any CPU = Debug|Any CPU
		Debug|ARM = Debug|ARM
		Debug|iPhone = Debug|iPhone
		Debug|iPhoneSimulator = Debug|iPhoneSimulator
		Debug|x86 = Debug|x86
		Release|Any CPU = Release|Any CPU
		Release|ARM = Release|ARM
		Release|iPhone = Release|iPhone
		Release|iPhoneSimulator = Release|iPhoneSimulator
		Release|x86 = Release|x86
	EndGlobalSection
	GlobalSection(ProjectConfigurationPlatforms) = postSolution
		{568A87D0-E17A-46C6-9A40-67022240BB48}.Ad-Hoc|Any CPU.ActiveCfg = Ad-Hoc|iPhone
		{568A87D0-E17A-46C6-9A40-67022240BB48}.Ad-Hoc|ARM.ActiveCfg = Ad-Hoc|iPhone
		{568A87D0-E17A-46C6-9A40-67022240BB48}.Ad-Hoc|iPhone.ActiveCfg = Ad-Hoc|iPhone
		{568A87D0-E17A-46C6-9A40-67022240BB48}.Ad-Hoc|iPhone.Build.0 = Ad-Hoc|iPhone
		{568A87D0-E17A-46C6-9A40-67022240BB48}.Ad-Hoc|iPhoneSimulator.ActiveCfg = Ad-Hoc|iPhoneSimulator
		{568A87D0-E17A-46C6-9A40-67022240BB48}.Ad-Hoc|iPhoneSimulator.Build.0 = Ad-Hoc|iPhoneSimulator
		{568A87D0-E17A-46C6-9A40-67022240BB48}.Ad-Hoc|x86.ActiveCfg = Ad-Hoc|iPhone
		{568A87D0-E17A-46C6-9A40-67022240BB48}.AppStore|Any CPU.ActiveCfg = AppStore|iPhone
		{568A87D0-E17A-46C6-9A40-67022240BB48}.AppStore|ARM.ActiveCfg = AppStore|iPhone
		{568A87D0-E17A-46C6-9A40-67022240BB48}.AppStore|iPhone.ActiveCfg = AppStore|iPhone
		{568A87D0-E17A-46C6-9A40-67022240BB48}.AppStore|iPhone.Build.0 = AppStore|iPhone
		{568A87D0-E17A-46C6-9A40-67022240BB48}.AppStore|iPhoneSimulator.ActiveCfg = AppStore|iPhoneSimulator
		{568A87D0-E17A-46C6-9A40-67022240BB48}.AppStore|iPhoneSimulator.Build.0 = AppStore|iPhoneSimulator
		{568A87D0-E17A-46C6-9A40-67022240BB48}.AppStore|x86.ActiveCfg = AppStore|iPhone
		{568A87D0-E17A-46C6-9A40-67022240BB48}.Debug|Any CPU.ActiveCfg = Debug|iPhone
		{568A87D0-E17A-46C6-9A40-67022240BB48}.Debug|ARM.ActiveCfg = Debug|iPhone
		{568A87D0-E17A-46C6-9A40-67022240BB48}.Debug|iPhone.ActiveCfg = Debug|iPhone
		{568A87D0-E17A-46C6-9A40-67022240BB48}.Debug|iPhone.Build.0 = Debug|iPhone
		{568A87D0-E17A-46C6-9A40-67022240BB48}.Debug|iPhoneSimulator.ActiveCfg = Debug|iPhoneSimulator
		{568A87D0-E17A-46C6-9A40-67022240BB48}.Debug|iPhoneSimulator.Build.0 = Debug|iPhoneSimulator
		{568A87D0-E17A-46C6-9A40-67022240BB48}.Debug|x86.ActiveCfg = Debug|iPhone
		{568A87D0-E17A-46C6-9A40-67022240BB48}.Release|Any CPU.ActiveCfg = Release|iPhone
		{568A87D0-E17A-46C6-9A40-67022240BB48}.Release|ARM.ActiveCfg = Release|iPhone
		{568A87D0-E17A-46C6-9A40-67022240BB48}.Release|iPhone.ActiveCfg = Release|iPhone
		{568A87D0-E17A-46C6-9A40-67022240BB48}.Release|iPhone.Build.0 = Release|iPhone
		{568A87D0-E17A-46C6-9A40-67022240BB48}.Release|iPhoneSimulator.ActiveCfg = Release|iPhoneSimulator
		{568A87D0-E17A-46C6-9A40-67022240BB48}.Release|iPhoneSimulator.Build.0 = Release|iPhoneSimulator
		{568A87D0-E17A-46C6-9A40-67022240BB48}.Release|x86.ActiveCfg = Release|iPhone
		{91465B26-748F-4AC9-94F6-F53A309B3195}.Ad-Hoc|Any CPU.ActiveCfg = Release|Any CPU
		{91465B26-748F-4AC9-94F6-F53A309B3195}.Ad-Hoc|Any CPU.Build.0 = Release|Any CPU
		{91465B26-748F-4AC9-94F6-F53A309B3195}.Ad-Hoc|Any CPU.Deploy.0 = Release|Any CPU
		{91465B26-748F-4AC9-94F6-F53A309B3195}.Ad-Hoc|ARM.ActiveCfg = Release|Any CPU
		{91465B26-748F-4AC9-94F6-F53A309B3195}.Ad-Hoc|ARM.Build.0 = Release|Any CPU
		{91465B26-748F-4AC9-94F6-F53A309B3195}.Ad-Hoc|ARM.Deploy.0 = Release|Any CPU
		{91465B26-748F-4AC9-94F6-F53A309B3195}.Ad-Hoc|iPhone.ActiveCfg = Release|Any CPU
		{91465B26-748F-4AC9-94F6-F53A309B3195}.Ad-Hoc|iPhone.Build.0 = Release|Any CPU
		{91465B26-748F-4AC9-94F6-F53A309B3195}.Ad-Hoc|iPhone.Deploy.0 = Release|Any CPU
		{91465B26-748F-4AC9-94F6-F53A309B3195}.Ad-Hoc|iPhoneSimulator.ActiveCfg = Release|Any CPU
		{91465B26-748F-4AC9-94F6-F53A309B3195}.Ad-Hoc|iPhoneSimulator.Build.0 = Release|Any CPU
		{91465B26-748F-4AC9-94F6-F53A309B3195}.Ad-Hoc|iPhoneSimulator.Deploy.0 = Release|Any CPU
		{91465B26-748F-4AC9-94F6-F53A309B3195}.Ad-Hoc|x86.ActiveCfg = Release|Any CPU
		{91465B26-748F-4AC9-94F6-F53A309B3195}.Ad-Hoc|x86.Build.0 = Release|Any CPU
		{91465B26-748F-4AC9-94F6-F53A309B3195}.Ad-Hoc|x86.Deploy.0 = Release|Any CPU
		{91465B26-748F-4AC9-94F6-F53A309B3195}.AppStore|Any CPU.ActiveCfg = Release|Any CPU
		{91465B26-748F-4AC9-94F6-F53A309B3195}.AppStore|Any CPU.Build.0 = Release|Any CPU
		{91465B26-748F-4AC9-94F6-F53A309B3195}.AppStore|Any CPU.Deploy.0 = Release|Any CPU
		{91465B26-748F-4AC9-94F6-F53A309B3195}.AppStore|ARM.ActiveCfg = Release|Any CPU
		{91465B26-748F-4AC9-94F6-F53A309B3195}.AppStore|ARM.Build.0 = Release|Any CPU
		{91465B26-748F-4AC9-94F6-F53A309B3195}.AppStore|ARM.Deploy.0 = Release|Any CPU
		{91465B26-748F-4AC9-94F6-F53A309B3195}.AppStore|iPhone.ActiveCfg = Release|Any CPU
		{91465B26-748F-4AC9-94F6-F53A309B3195}.AppStore|iPhone.Build.0 = Release|Any CPU
		{91465B26-748F-4AC9-94F6-F53A309B3195}.AppStore|iPhone.Deploy.0 = Release|Any CPU
		{91465B26-748F-4AC9-94F6-F53A309B3195}.AppStore|iPhoneSimulator.ActiveCfg = Release|Any CPU
		{91465B26-748F-4AC9-94F6-F53A309B3195}.AppStore|iPhoneSimulator.Build.0 = Release|Any CPU
		{91465B26-748F-4AC9-94F6-F53A309B3195}.AppStore|iPhoneSimulator.Deploy.0 = Release|Any CPU
		{91465B26-748F-4AC9-94F6-F53A309B3195}.AppStore|x86.ActiveCfg = Release|Any CPU
		{91465B26-748F-4AC9-94F6-F53A309B3195}.AppStore|x86.Build.0 = Release|Any CPU
		{91465B26-748F-4AC9-94F6-F53A309B3195}.AppStore|x86.Deploy.0 = Release|Any CPU
		{91465B26-748F-4AC9-94F6-F53A309B3195}.Debug|Any CPU.ActiveCfg = Debug|Any CPU
		{91465B26-748F-4AC9-94F6-F53A309B3195}.Debug|Any CPU.Build.0 = Debug|Any CPU
		{91465B26-748F-4AC9-94F6-F53A309B3195}.Debug|Any CPU.Deploy.0 = Debug|Any CPU
		{91465B26-748F-4AC9-94F6-F53A309B3195}.Debug|ARM.ActiveCfg = Debug|Any CPU
		{91465B26-748F-4AC9-94F6-F53A309B3195}.Debug|ARM.Build.0 = Debug|Any CPU
		{91465B26-748F-4AC9-94F6-F53A309B3195}.Debug|ARM.Deploy.0 = Debug|Any CPU
		{91465B26-748F-4AC9-94F6-F53A309B3195}.Debug|iPhone.ActiveCfg = Debug|Any CPU
		{91465B26-748F-4AC9-94F6-F53A309B3195}.Debug|iPhone.Build.0 = Debug|Any CPU
		{91465B26-748F-4AC9-94F6-F53A309B3195}.Debug|iPhone.Deploy.0 = Debug|Any CPU
		{91465B26-748F-4AC9-94F6-F53A309B3195}.Debug|iPhoneSimulator.ActiveCfg = Debug|Any CPU
		{91465B26-748F-4AC9-94F6-F53A309B3195}.Debug|iPhoneSimulator.Build.0 = Debug|Any CPU
		{91465B26-748F-4AC9-94F6-F53A309B3195}.Debug|iPhoneSimulator.Deploy.0 = Debug|Any CPU
		{91465B26-748F-4AC9-94F6-F53A309B3195}.Debug|x86.ActiveCfg = Debug|Any CPU
		{91465B26-748F-4AC9-94F6-F53A309B3195}.Debug|x86.Build.0 = Debug|Any CPU
		{91465B26-748F-4AC9-94F6-F53A309B3195}.Debug|x86.Deploy.0 = Debug|Any CPU
		{91465B26-748F-4AC9-94F6-F53A309B3195}.Release|Any CPU.ActiveCfg = Release|Any CPU
		{91465B26-748F-4AC9-94F6-F53A309B3195}.Release|Any CPU.Build.0 = Release|Any CPU
		{91465B26-748F-4AC9-94F6-F53A309B3195}.Release|Any CPU.Deploy.0 = Release|Any CPU
		{91465B26-748F-4AC9-94F6-F53A309B3195}.Release|ARM.ActiveCfg = Release|Any CPU
		{91465B26-748F-4AC9-94F6-F53A309B3195}.Release|ARM.Build.0 = Release|Any CPU
		{91465B26-748F-4AC9-94F6-F53A309B3195}.Release|ARM.Deploy.0 = Release|Any CPU
		{91465B26-748F-4AC9-94F6-F53A309B3195}.Release|iPhone.ActiveCfg = Release|Any CPU
		{91465B26-748F-4AC9-94F6-F53A309B3195}.Release|iPhone.Build.0 = Release|Any CPU
		{91465B26-748F-4AC9-94F6-F53A309B3195}.Release|iPhone.Deploy.0 = Release|Any CPU
		{91465B26-748F-4AC9-94F6-F53A309B3195}.Release|iPhoneSimulator.ActiveCfg = Release|Any CPU
		{91465B26-748F-4AC9-94F6-F53A309B3195}.Release|iPhoneSimulator.Build.0 = Release|Any CPU
		{91465B26-748F-4AC9-94F6-F53A309B3195}.Release|iPhoneSimulator.Deploy.0 = Release|Any CPU
		{91465B26-748F-4AC9-94F6-F53A309B3195}.Release|x86.ActiveCfg = Release|Any CPU
		{91465B26-748F-4AC9-94F6-F53A309B3195}.Release|x86.Build.0 = Release|Any CPU
		{91465B26-748F-4AC9-94F6-F53A309B3195}.Release|x86.Deploy.0 = Release|Any CPU
		{B147F97D-9999-4F81-B8FC-2179A73014C6}.Ad-Hoc|Any CPU.ActiveCfg = Release|Any CPU
		{B147F97D-9999-4F81-B8FC-2179A73014C6}.Ad-Hoc|Any CPU.Build.0 = Release|Any CPU
		{B147F97D-9999-4F81-B8FC-2179A73014C6}.Ad-Hoc|ARM.ActiveCfg = Release|Any CPU
		{B147F97D-9999-4F81-B8FC-2179A73014C6}.Ad-Hoc|ARM.Build.0 = Release|Any CPU
		{B147F97D-9999-4F81-B8FC-2179A73014C6}.Ad-Hoc|iPhone.ActiveCfg = Release|Any CPU
		{B147F97D-9999-4F81-B8FC-2179A73014C6}.Ad-Hoc|iPhone.Build.0 = Release|Any CPU
		{B147F97D-9999-4F81-B8FC-2179A73014C6}.Ad-Hoc|iPhoneSimulator.ActiveCfg = Release|Any CPU
		{B147F97D-9999-4F81-B8FC-2179A73014C6}.Ad-Hoc|iPhoneSimulator.Build.0 = Release|Any CPU
		{B147F97D-9999-4F81-B8FC-2179A73014C6}.Ad-Hoc|x86.ActiveCfg = Release|Any CPU
		{B147F97D-9999-4F81-B8FC-2179A73014C6}.Ad-Hoc|x86.Build.0 = Release|Any CPU
		{B147F97D-9999-4F81-B8FC-2179A73014C6}.AppStore|Any CPU.ActiveCfg = Release|Any CPU
		{B147F97D-9999-4F81-B8FC-2179A73014C6}.AppStore|Any CPU.Build.0 = Release|Any CPU
		{B147F97D-9999-4F81-B8FC-2179A73014C6}.AppStore|ARM.ActiveCfg = Release|Any CPU
		{B147F97D-9999-4F81-B8FC-2179A73014C6}.AppStore|ARM.Build.0 = Release|Any CPU
		{B147F97D-9999-4F81-B8FC-2179A73014C6}.AppStore|iPhone.ActiveCfg = Release|Any CPU
		{B147F97D-9999-4F81-B8FC-2179A73014C6}.AppStore|iPhone.Build.0 = Release|Any CPU
		{B147F97D-9999-4F81-B8FC-2179A73014C6}.AppStore|iPhoneSimulator.ActiveCfg = Release|Any CPU
		{B147F97D-9999-4F81-B8FC-2179A73014C6}.AppStore|iPhoneSimulator.Build.0 = Release|Any CPU
		{B147F97D-9999-4F81-B8FC-2179A73014C6}.AppStore|x86.ActiveCfg = Release|Any CPU
		{B147F97D-9999-4F81-B8FC-2179A73014C6}.AppStore|x86.Build.0 = Release|Any CPU
		{B147F97D-9999-4F81-B8FC-2179A73014C6}.Debug|Any CPU.ActiveCfg = Debug|Any CPU
		{B147F97D-9999-4F81-B8FC-2179A73014C6}.Debug|Any CPU.Build.0 = Debug|Any CPU
		{B147F97D-9999-4F81-B8FC-2179A73014C6}.Debug|ARM.ActiveCfg = Debug|Any CPU
		{B147F97D-9999-4F81-B8FC-2179A73014C6}.Debug|ARM.Build.0 = Debug|Any CPU
		{B147F97D-9999-4F81-B8FC-2179A73014C6}.Debug|iPhone.ActiveCfg = Debug|Any CPU
		{B147F97D-9999-4F81-B8FC-2179A73014C6}.Debug|iPhone.Build.0 = Debug|Any CPU
		{B147F97D-9999-4F81-B8FC-2179A73014C6}.Debug|iPhoneSimulator.ActiveCfg = Debug|Any CPU
		{B147F97D-9999-4F81-B8FC-2179A73014C6}.Debug|iPhoneSimulator.Build.0 = Debug|Any CPU
		{B147F97D-9999-4F81-B8FC-2179A73014C6}.Debug|x86.ActiveCfg = Debug|Any CPU
		{B147F97D-9999-4F81-B8FC-2179A73014C6}.Debug|x86.Build.0 = Debug|Any CPU
		{B147F97D-9999-4F81-B8FC-2179A73014C6}.Release|Any CPU.ActiveCfg = Release|Any CPU
		{B147F97D-9999-4F81-B8FC-2179A73014C6}.Release|Any CPU.Build.0 = Release|Any CPU
		{B147F97D-9999-4F81-B8FC-2179A73014C6}.Release|ARM.ActiveCfg = Release|Any CPU
		{B147F97D-9999-4F81-B8FC-2179A73014C6}.Release|ARM.Build.0 = Release|Any CPU
		{B147F97D-9999-4F81-B8FC-2179A73014C6}.Release|iPhone.ActiveCfg = Release|Any CPU
		{B147F97D-9999-4F81-B8FC-2179A73014C6}.Release|iPhone.Build.0 = Release|Any CPU
		{B147F97D-9999-4F81-B8FC-2179A73014C6}.Release|iPhoneSimulator.ActiveCfg = Release|Any CPU
		{B147F97D-9999-4F81-B8FC-2179A73014C6}.Release|iPhoneSimulator.Build.0 = Release|Any CPU
		{B147F97D-9999-4F81-B8FC-2179A73014C6}.Release|x86.ActiveCfg = Release|Any CPU
		{B147F97D-9999-4F81-B8FC-2179A73014C6}.Release|x86.Build.0 = Release|Any CPU
		{D944AC04-4792-4ABB-AB42-EA71DB08EA05}.Ad-Hoc|Any CPU.ActiveCfg = Release|Any CPU
		{D944AC04-4792-4ABB-AB42-EA71DB08EA05}.Ad-Hoc|Any CPU.Build.0 = Release|Any CPU
		{D944AC04-4792-4ABB-AB42-EA71DB08EA05}.Ad-Hoc|Any CPU.Deploy.0 = Release|Any CPU
		{D944AC04-4792-4ABB-AB42-EA71DB08EA05}.Ad-Hoc|ARM.ActiveCfg = Release|ARM
		{D944AC04-4792-4ABB-AB42-EA71DB08EA05}.Ad-Hoc|ARM.Build.0 = Release|ARM
		{D944AC04-4792-4ABB-AB42-EA71DB08EA05}.Ad-Hoc|ARM.Deploy.0 = Release|ARM
		{D944AC04-4792-4ABB-AB42-EA71DB08EA05}.Ad-Hoc|iPhone.ActiveCfg = Release|Any CPU
		{D944AC04-4792-4ABB-AB42-EA71DB08EA05}.Ad-Hoc|iPhone.Build.0 = Release|Any CPU
		{D944AC04-4792-4ABB-AB42-EA71DB08EA05}.Ad-Hoc|iPhone.Deploy.0 = Release|Any CPU
		{D944AC04-4792-4ABB-AB42-EA71DB08EA05}.Ad-Hoc|iPhoneSimulator.ActiveCfg = Release|Any CPU
		{D944AC04-4792-4ABB-AB42-EA71DB08EA05}.Ad-Hoc|iPhoneSimulator.Build.0 = Release|Any CPU
		{D944AC04-4792-4ABB-AB42-EA71DB08EA05}.Ad-Hoc|iPhoneSimulator.Deploy.0 = Release|Any CPU
		{D944AC04-4792-4ABB-AB42-EA71DB08EA05}.Ad-Hoc|x86.ActiveCfg = Release|x86
		{D944AC04-4792-4ABB-AB42-EA71DB08EA05}.Ad-Hoc|x86.Build.0 = Release|x86
		{D944AC04-4792-4ABB-AB42-EA71DB08EA05}.Ad-Hoc|x86.Deploy.0 = Release|x86
		{D944AC04-4792-4ABB-AB42-EA71DB08EA05}.AppStore|Any CPU.ActiveCfg = Release|Any CPU
		{D944AC04-4792-4ABB-AB42-EA71DB08EA05}.AppStore|Any CPU.Build.0 = Release|Any CPU
		{D944AC04-4792-4ABB-AB42-EA71DB08EA05}.AppStore|Any CPU.Deploy.0 = Release|Any CPU
		{D944AC04-4792-4ABB-AB42-EA71DB08EA05}.AppStore|ARM.ActiveCfg = Release|ARM
		{D944AC04-4792-4ABB-AB42-EA71DB08EA05}.AppStore|ARM.Build.0 = Release|ARM
		{D944AC04-4792-4ABB-AB42-EA71DB08EA05}.AppStore|ARM.Deploy.0 = Release|ARM
		{D944AC04-4792-4ABB-AB42-EA71DB08EA05}.AppStore|iPhone.ActiveCfg = Release|Any CPU
		{D944AC04-4792-4ABB-AB42-EA71DB08EA05}.AppStore|iPhone.Build.0 = Release|Any CPU
		{D944AC04-4792-4ABB-AB42-EA71DB08EA05}.AppStore|iPhone.Deploy.0 = Release|Any CPU
		{D944AC04-4792-4ABB-AB42-EA71DB08EA05}.AppStore|iPhoneSimulator.ActiveCfg = Release|Any CPU
		{D944AC04-4792-4ABB-AB42-EA71DB08EA05}.AppStore|iPhoneSimulator.Build.0 = Release|Any CPU
		{D944AC04-4792-4ABB-AB42-EA71DB08EA05}.AppStore|iPhoneSimulator.Deploy.0 = Release|Any CPU
		{D944AC04-4792-4ABB-AB42-EA71DB08EA05}.AppStore|x86.ActiveCfg = Release|x86
		{D944AC04-4792-4ABB-AB42-EA71DB08EA05}.AppStore|x86.Build.0 = Release|x86
		{D944AC04-4792-4ABB-AB42-EA71DB08EA05}.AppStore|x86.Deploy.0 = Release|x86
		{D944AC04-4792-4ABB-AB42-EA71DB08EA05}.Debug|Any CPU.ActiveCfg = Debug|Any CPU
		{D944AC04-4792-4ABB-AB42-EA71DB08EA05}.Debug|Any CPU.Build.0 = Debug|Any CPU
		{D944AC04-4792-4ABB-AB42-EA71DB08EA05}.Debug|Any CPU.Deploy.0 = Debug|Any CPU
		{D944AC04-4792-4ABB-AB42-EA71DB08EA05}.Debug|ARM.ActiveCfg = Debug|ARM
		{D944AC04-4792-4ABB-AB42-EA71DB08EA05}.Debug|ARM.Build.0 = Debug|ARM
		{D944AC04-4792-4ABB-AB42-EA71DB08EA05}.Debug|ARM.Deploy.0 = Debug|ARM
		{D944AC04-4792-4ABB-AB42-EA71DB08EA05}.Debug|iPhone.ActiveCfg = Debug|Any CPU
		{D944AC04-4792-4ABB-AB42-EA71DB08EA05}.Debug|iPhone.Build.0 = Debug|Any CPU
		{D944AC04-4792-4ABB-AB42-EA71DB08EA05}.Debug|iPhone.Deploy.0 = Debug|Any CPU
		{D944AC04-4792-4ABB-AB42-EA71DB08EA05}.Debug|iPhoneSimulator.ActiveCfg = Debug|Any CPU
		{D944AC04-4792-4ABB-AB42-EA71DB08EA05}.Debug|iPhoneSimulator.Build.0 = Debug|Any CPU
		{D944AC04-4792-4ABB-AB42-EA71DB08EA05}.Debug|iPhoneSimulator.Deploy.0 = Debug|Any CPU
		{D944AC04-4792-4ABB-AB42-EA71DB08EA05}.Debug|x86.ActiveCfg = Debug|x86
		{D944AC04-4792-4ABB-AB42-EA71DB08EA05}.Debug|x86.Build.0 = Debug|x86
		{D944AC04-4792-4ABB-AB42-EA71DB08EA05}.Debug|x86.Deploy.0 = Debug|x86
		{D944AC04-4792-4ABB-AB42-EA71DB08EA05}.Release|Any CPU.ActiveCfg = Release|Any CPU
		{D944AC04-4792-4ABB-AB42-EA71DB08EA05}.Release|Any CPU.Build.0 = Release|Any CPU
		{D944AC04-4792-4ABB-AB42-EA71DB08EA05}.Release|Any CPU.Deploy.0 = Release|Any CPU
		{D944AC04-4792-4ABB-AB42-EA71DB08EA05}.Release|ARM.ActiveCfg = Release|ARM
		{D944AC04-4792-4ABB-AB42-EA71DB08EA05}.Release|ARM.Build.0 = Release|ARM
		{D944AC04-4792-4ABB-AB42-EA71DB08EA05}.Release|ARM.Deploy.0 = Release|ARM
		{D944AC04-4792-4ABB-AB42-EA71DB08EA05}.Release|iPhone.ActiveCfg = Release|Any CPU
		{D944AC04-4792-4ABB-AB42-EA71DB08EA05}.Release|iPhone.Build.0 = Release|Any CPU
		{D944AC04-4792-4ABB-AB42-EA71DB08EA05}.Release|iPhone.Deploy.0 = Release|Any CPU
		{D944AC04-4792-4ABB-AB42-EA71DB08EA05}.Release|iPhoneSimulator.ActiveCfg = Release|Any CPU
		{D944AC04-4792-4ABB-AB42-EA71DB08EA05}.Release|iPhoneSimulator.Build.0 = Release|Any CPU
		{D944AC04-4792-4ABB-AB42-EA71DB08EA05}.Release|iPhoneSimulator.Deploy.0 = Release|Any CPU
		{D944AC04-4792-4ABB-AB42-EA71DB08EA05}.Release|x86.ActiveCfg = Release|x86
		{D944AC04-4792-4ABB-AB42-EA71DB08EA05}.Release|x86.Build.0 = Release|x86
		{D944AC04-4792-4ABB-AB42-EA71DB08EA05}.Release|x86.Deploy.0 = Release|x86
	EndGlobalSection
	GlobalSection(SolutionProperties) = preSolution
		HideSolutionNode = FALSE
	EndGlobalSection
EndGlobal
