
Microsoft Visual Studio Solution File, Format Version 12.00
# Visual Studio 14
VisualStudioVersion = 14.0.22609.0
MinimumVisualStudioVersion = 10.0.40219.1
Project("{FAE04EC0-301F-11D3-BF4B-00C04F79EFBC}") = "HiddenActivityIconDemo", "HiddenActivityIconDemo\HiddenActivityIconDemo\HiddenActivityIconDemo.csproj", "{95D05FE3-8C46-48E5-948C-4B821DF14905}"
EndProject
Project("{FAE04EC0-301F-11D3-BF4B-00C04F79EFBC}") = "HiddenActivityIconDemo.iOS", "HiddenActivityIconDemo\HiddenActivityIconDemo.iOS\HiddenActivityIconDemo.iOS.csproj", "{EC4BAFC8-BE36-4607-B559-3B261436AD6A}"
EndProject
Project("{FAE04EC0-301F-11D3-BF4B-00C04F79EFBC}") = "HiddenActivityIconDemo.Droid", "HiddenActivityIconDemo\HiddenActivityIconDemo.Droid\HiddenActivityIconDemo.Droid.csproj", "{E10FBAFA-0726-41CF-814B-C1157CF92344}"
EndProject
Project("{FAE04EC0-301F-11D3-BF4B-00C04F79EFBC}") = "HiddenActivityIconDemo.WinPhone", "HiddenActivityIconDemo\HiddenActivityIconDemo.WinPhone\HiddenActivityIconDemo.WinPhone.csproj", "{229C9C9E-FEFB-4833-A02D-44AB4452A8DA}"
EndProject
Global
	GlobalSection(SolutionConfigurationPlatforms) = preSolution
		Ad-Hoc|Any CPU = Ad-Hoc|Any CPU
		Ad-Hoc|ARM = Ad-Hoc|ARM
		Ad-Hoc|iPhone = Ad-Hoc|iPhone
		Ad-Hoc|iPhoneSimulator = Ad-Hoc|iPhoneSimulator
		Ad-Hoc|x86 = Ad-Hoc|x86
		AppStore|Any CPU = AppStore|Any CPU
		AppStore|ARM = AppStore|ARM
		AppStore|iPhone = AppStore|iPhone
		AppStore|iPhoneSimulator = AppStore|iPhoneSimulator
		AppStore|x86 = AppStore|x86
		Debug|Any CPU = Debug|Any CPU
		Debug|ARM = Debug|ARM
		Debug|iPhone = Debug|iPhone
		Debug|iPhoneSimulator = Debug|iPhoneSimulator
		Debug|x86 = Debug|x86
		Release|Any CPU = Release|Any CPU
		Release|ARM = Release|ARM
		Release|iPhone = Release|iPhone
		Release|iPhoneSimulator = Release|iPhoneSimulator
		Release|x86 = Release|x86
	EndGlobalSection
	GlobalSection(ProjectConfigurationPlatforms) = postSolution
		{95D05FE3-8C46-48E5-948C-4B821DF14905}.Ad-Hoc|Any CPU.ActiveCfg = Release|Any CPU
		{95D05FE3-8C46-48E5-948C-4B821DF14905}.Ad-Hoc|Any CPU.Build.0 = Release|Any CPU
		{95D05FE3-8C46-48E5-948C-4B821DF14905}.Ad-Hoc|ARM.ActiveCfg = Release|Any CPU
		{95D05FE3-8C46-48E5-948C-4B821DF14905}.Ad-Hoc|ARM.Build.0 = Release|Any CPU
		{95D05FE3-8C46-48E5-948C-4B821DF14905}.Ad-Hoc|iPhone.ActiveCfg = Release|Any CPU
		{95D05FE3-8C46-48E5-948C-4B821DF14905}.Ad-Hoc|iPhone.Build.0 = Release|Any CPU
		{95D05FE3-8C46-48E5-948C-4B821DF14905}.Ad-Hoc|iPhoneSimulator.ActiveCfg = Release|Any CPU
		{95D05FE3-8C46-48E5-948C-4B821DF14905}.Ad-Hoc|iPhoneSimulator.Build.0 = Release|Any CPU
		{95D05FE3-8C46-48E5-948C-4B821DF14905}.Ad-Hoc|x86.ActiveCfg = Release|Any CPU
		{95D05FE3-8C46-48E5-948C-4B821DF14905}.Ad-Hoc|x86.Build.0 = Release|Any CPU
		{95D05FE3-8C46-48E5-948C-4B821DF14905}.AppStore|Any CPU.ActiveCfg = Release|Any CPU
		{95D05FE3-8C46-48E5-948C-4B821DF14905}.AppStore|Any CPU.Build.0 = Release|Any CPU
		{95D05FE3-8C46-48E5-948C-4B821DF14905}.AppStore|ARM.ActiveCfg = Release|Any CPU
		{95D05FE3-8C46-48E5-948C-4B821DF14905}.AppStore|ARM.Build.0 = Release|Any CPU
		{95D05FE3-8C46-48E5-948C-4B821DF14905}.AppStore|iPhone.ActiveCfg = Release|Any CPU
		{95D05FE3-8C46-48E5-948C-4B821DF14905}.AppStore|iPhone.Build.0 = Release|Any CPU
		{95D05FE3-8C46-48E5-948C-4B821DF14905}.AppStore|iPhoneSimulator.ActiveCfg = Release|Any CPU
		{95D05FE3-8C46-48E5-948C-4B821DF14905}.AppStore|iPhoneSimulator.Build.0 = Release|Any CPU
		{95D05FE3-8C46-48E5-948C-4B821DF14905}.AppStore|x86.ActiveCfg = Release|Any CPU
		{95D05FE3-8C46-48E5-948C-4B821DF14905}.AppStore|x86.Build.0 = Release|Any CPU
		{95D05FE3-8C46-48E5-948C-4B821DF14905}.Debug|Any CPU.ActiveCfg = Debug|Any CPU
		{95D05FE3-8C46-48E5-948C-4B821DF14905}.Debug|Any CPU.Build.0 = Debug|Any CPU
		{95D05FE3-8C46-48E5-948C-4B821DF14905}.Debug|ARM.ActiveCfg = Debug|Any CPU
		{95D05FE3-8C46-48E5-948C-4B821DF14905}.Debug|ARM.Build.0 = Debug|Any CPU
		{95D05FE3-8C46-48E5-948C-4B821DF14905}.Debug|iPhone.ActiveCfg = Debug|Any CPU
		{95D05FE3-8C46-48E5-948C-4B821DF14905}.Debug|iPhone.Build.0 = Debug|Any CPU
		{95D05FE3-8C46-48E5-948C-4B821DF14905}.Debug|iPhoneSimulator.ActiveCfg = Debug|Any CPU
		{95D05FE3-8C46-48E5-948C-4B821DF14905}.Debug|iPhoneSimulator.Build.0 = Debug|Any CPU
		{95D05FE3-8C46-48E5-948C-4B821DF14905}.Debug|x86.ActiveCfg = Debug|Any CPU
		{95D05FE3-8C46-48E5-948C-4B821DF14905}.Debug|x86.Build.0 = Debug|Any CPU
		{95D05FE3-8C46-48E5-948C-4B821DF14905}.Release|Any CPU.ActiveCfg = Release|Any CPU
		{95D05FE3-8C46-48E5-948C-4B821DF14905}.Release|Any CPU.Build.0 = Release|Any CPU
		{95D05FE3-8C46-48E5-948C-4B821DF14905}.Release|ARM.ActiveCfg = Release|Any CPU
		{95D05FE3-8C46-48E5-948C-4B821DF14905}.Release|ARM.Build.0 = Release|Any CPU
		{95D05FE3-8C46-48E5-948C-4B821DF14905}.Release|iPhone.ActiveCfg = Release|Any CPU
		{95D05FE3-8C46-48E5-948C-4B821DF14905}.Release|iPhone.Build.0 = Release|Any CPU
		{95D05FE3-8C46-48E5-948C-4B821DF14905}.Release|iPhoneSimulator.ActiveCfg = Release|Any CPU
		{95D05FE3-8C46-48E5-948C-4B821DF14905}.Release|iPhoneSimulator.Build.0 = Release|Any CPU
		{95D05FE3-8C46-48E5-948C-4B821DF14905}.Release|x86.ActiveCfg = Release|Any CPU
		{95D05FE3-8C46-48E5-948C-4B821DF14905}.Release|x86.Build.0 = Release|Any CPU
		{EC4BAFC8-BE36-4607-B559-3B261436AD6A}.Ad-Hoc|Any CPU.ActiveCfg = Ad-Hoc|iPhone
		{EC4BAFC8-BE36-4607-B559-3B261436AD6A}.Ad-Hoc|ARM.ActiveCfg = Ad-Hoc|iPhone
		{EC4BAFC8-BE36-4607-B559-3B261436AD6A}.Ad-Hoc|iPhone.ActiveCfg = Ad-Hoc|iPhone
		{EC4BAFC8-BE36-4607-B559-3B261436AD6A}.Ad-Hoc|iPhone.Build.0 = Ad-Hoc|iPhone
		{EC4BAFC8-BE36-4607-B559-3B261436AD6A}.Ad-Hoc|iPhoneSimulator.ActiveCfg = Ad-Hoc|iPhoneSimulator
		{EC4BAFC8-BE36-4607-B559-3B261436AD6A}.Ad-Hoc|iPhoneSimulator.Build.0 = Ad-Hoc|iPhoneSimulator
		{EC4BAFC8-BE36-4607-B559-3B261436AD6A}.Ad-Hoc|x86.ActiveCfg = Ad-Hoc|iPhone
		{EC4BAFC8-BE36-4607-B559-3B261436AD6A}.AppStore|Any CPU.ActiveCfg = AppStore|iPhone
		{EC4BAFC8-BE36-4607-B559-3B261436AD6A}.AppStore|ARM.ActiveCfg = AppStore|iPhone
		{EC4BAFC8-BE36-4607-B559-3B261436AD6A}.AppStore|iPhone.ActiveCfg = AppStore|iPhone
		{EC4BAFC8-BE36-4607-B559-3B261436AD6A}.AppStore|iPhone.Build.0 = AppStore|iPhone
		{EC4BAFC8-BE36-4607-B559-3B261436AD6A}.AppStore|iPhoneSimulator.ActiveCfg = AppStore|iPhoneSimulator
		{EC4BAFC8-BE36-4607-B559-3B261436AD6A}.AppStore|iPhoneSimulator.Build.0 = AppStore|iPhoneSimulator
		{EC4BAFC8-BE36-4607-B559-3B261436AD6A}.AppStore|x86.ActiveCfg = AppStore|iPhone
		{EC4BAFC8-BE36-4607-B559-3B261436AD6A}.Debug|Any CPU.ActiveCfg = Debug|iPhone
		{EC4BAFC8-BE36-4607-B559-3B261436AD6A}.Debug|ARM.ActiveCfg = Debug|iPhone
		{EC4BAFC8-BE36-4607-B559-3B261436AD6A}.Debug|iPhone.ActiveCfg = Debug|iPhone
		{EC4BAFC8-BE36-4607-B559-3B261436AD6A}.Debug|iPhone.Build.0 = Debug|iPhone
		{EC4BAFC8-BE36-4607-B559-3B261436AD6A}.Debug|iPhoneSimulator.ActiveCfg = Debug|iPhoneSimulator
		{EC4BAFC8-BE36-4607-B559-3B261436AD6A}.Debug|iPhoneSimulator.Build.0 = Debug|iPhoneSimulator
		{EC4BAFC8-BE36-4607-B559-3B261436AD6A}.Debug|x86.ActiveCfg = Debug|iPhone
		{EC4BAFC8-BE36-4607-B559-3B261436AD6A}.Release|Any CPU.ActiveCfg = Release|iPhone
		{EC4BAFC8-BE36-4607-B559-3B261436AD6A}.Release|ARM.ActiveCfg = Release|iPhone
		{EC4BAFC8-BE36-4607-B559-3B261436AD6A}.Release|iPhone.ActiveCfg = Release|iPhone
		{EC4BAFC8-BE36-4607-B559-3B261436AD6A}.Release|iPhone.Build.0 = Release|iPhone
		{EC4BAFC8-BE36-4607-B559-3B261436AD6A}.Release|iPhoneSimulator.ActiveCfg = Release|iPhoneSimulator
		{EC4BAFC8-BE36-4607-B559-3B261436AD6A}.Release|iPhoneSimulator.Build.0 = Release|iPhoneSimulator
		{EC4BAFC8-BE36-4607-B559-3B261436AD6A}.Release|x86.ActiveCfg = Release|iPhone
		{E10FBAFA-0726-41CF-814B-C1157CF92344}.Ad-Hoc|Any CPU.ActiveCfg = Release|Any CPU
		{E10FBAFA-0726-41CF-814B-C1157CF92344}.Ad-Hoc|Any CPU.Build.0 = Release|Any CPU
		{E10FBAFA-0726-41CF-814B-C1157CF92344}.Ad-Hoc|Any CPU.Deploy.0 = Release|Any CPU
		{E10FBAFA-0726-41CF-814B-C1157CF92344}.Ad-Hoc|ARM.ActiveCfg = Release|Any CPU
		{E10FBAFA-0726-41CF-814B-C1157CF92344}.Ad-Hoc|ARM.Build.0 = Release|Any CPU
		{E10FBAFA-0726-41CF-814B-C1157CF92344}.Ad-Hoc|ARM.Deploy.0 = Release|Any CPU
		{E10FBAFA-0726-41CF-814B-C1157CF92344}.Ad-Hoc|iPhone.ActiveCfg = Release|Any CPU
		{E10FBAFA-0726-41CF-814B-C1157CF92344}.Ad-Hoc|iPhone.Build.0 = Release|Any CPU
		{E10FBAFA-0726-41CF-814B-C1157CF92344}.Ad-Hoc|iPhone.Deploy.0 = Release|Any CPU
		{E10FBAFA-0726-41CF-814B-C1157CF92344}.Ad-Hoc|iPhoneSimulator.ActiveCfg = Release|Any CPU
		{E10FBAFA-0726-41CF-814B-C1157CF92344}.Ad-Hoc|iPhoneSimulator.Build.0 = Release|Any CPU
		{E10FBAFA-0726-41CF-814B-C1157CF92344}.Ad-Hoc|iPhoneSimulator.Deploy.0 = Release|Any CPU
		{E10FBAFA-0726-41CF-814B-C1157CF92344}.Ad-Hoc|x86.ActiveCfg = Release|Any CPU
		{E10FBAFA-0726-41CF-814B-C1157CF92344}.Ad-Hoc|x86.Build.0 = Release|Any CPU
		{E10FBAFA-0726-41CF-814B-C1157CF92344}.Ad-Hoc|x86.Deploy.0 = Release|Any CPU
		{E10FBAFA-0726-41CF-814B-C1157CF92344}.AppStore|Any CPU.ActiveCfg = Release|Any CPU
		{E10FBAFA-0726-41CF-814B-C1157CF92344}.AppStore|Any CPU.Build.0 = Release|Any CPU
		{E10FBAFA-0726-41CF-814B-C1157CF92344}.AppStore|Any CPU.Deploy.0 = Release|Any CPU
		{E10FBAFA-0726-41CF-814B-C1157CF92344}.AppStore|ARM.ActiveCfg = Release|Any CPU
		{E10FBAFA-0726-41CF-814B-C1157CF92344}.AppStore|ARM.Build.0 = Release|Any CPU
		{E10FBAFA-0726-41CF-814B-C1157CF92344}.AppStore|ARM.Deploy.0 = Release|Any CPU
		{E10FBAFA-0726-41CF-814B-C1157CF92344}.AppStore|iPhone.ActiveCfg = Release|Any CPU
		{E10FBAFA-0726-41CF-814B-C1157CF92344}.AppStore|iPhone.Build.0 = Release|Any CPU
		{E10FBAFA-0726-41CF-814B-C1157CF92344}.AppStore|iPhone.Deploy.0 = Release|Any CPU
		{E10FBAFA-0726-41CF-814B-C1157CF92344}.AppStore|iPhoneSimulator.ActiveCfg = Release|Any CPU
		{E10FBAFA-0726-41CF-814B-C1157CF92344}.AppStore|iPhoneSimulator.Build.0 = Release|Any CPU
		{E10FBAFA-0726-41CF-814B-C1157CF92344}.AppStore|iPhoneSimulator.Deploy.0 = Release|Any CPU
		{E10FBAFA-0726-41CF-814B-C1157CF92344}.AppStore|x86.ActiveCfg = Release|Any CPU
		{E10FBAFA-0726-41CF-814B-C1157CF92344}.AppStore|x86.Build.0 = Release|Any CPU
		{E10FBAFA-0726-41CF-814B-C1157CF92344}.AppStore|x86.Deploy.0 = Release|Any CPU
		{E10FBAFA-0726-41CF-814B-C1157CF92344}.Debug|Any CPU.ActiveCfg = Debug|Any CPU
		{E10FBAFA-0726-41CF-814B-C1157CF92344}.Debug|Any CPU.Build.0 = Debug|Any CPU
		{E10FBAFA-0726-41CF-814B-C1157CF92344}.Debug|Any CPU.Deploy.0 = Debug|Any CPU
		{E10FBAFA-0726-41CF-814B-C1157CF92344}.Debug|ARM.ActiveCfg = Debug|Any CPU
		{E10FBAFA-0726-41CF-814B-C1157CF92344}.Debug|ARM.Build.0 = Debug|Any CPU
		{E10FBAFA-0726-41CF-814B-C1157CF92344}.Debug|ARM.Deploy.0 = Debug|Any CPU
		{E10FBAFA-0726-41CF-814B-C1157CF92344}.Debug|iPhone.ActiveCfg = Debug|Any CPU
		{E10FBAFA-0726-41CF-814B-C1157CF92344}.Debug|iPhone.Build.0 = Debug|Any CPU
		{E10FBAFA-0726-41CF-814B-C1157CF92344}.Debug|iPhone.Deploy.0 = Debug|Any CPU
		{E10FBAFA-0726-41CF-814B-C1157CF92344}.Debug|iPhoneSimulator.ActiveCfg = Debug|Any CPU
		{E10FBAFA-0726-41CF-814B-C1157CF92344}.Debug|iPhoneSimulator.Build.0 = Debug|Any CPU
		{E10FBAFA-0726-41CF-814B-C1157CF92344}.Debug|iPhoneSimulator.Deploy.0 = Debug|Any CPU
		{E10FBAFA-0726-41CF-814B-C1157CF92344}.Debug|x86.ActiveCfg = Debug|Any CPU
		{E10FBAFA-0726-41CF-814B-C1157CF92344}.Debug|x86.Build.0 = Debug|Any CPU
		{E10FBAFA-0726-41CF-814B-C1157CF92344}.Debug|x86.Deploy.0 = Debug|Any CPU
		{E10FBAFA-0726-41CF-814B-C1157CF92344}.Release|Any CPU.ActiveCfg = Release|Any CPU
		{E10FBAFA-0726-41CF-814B-C1157CF92344}.Release|Any CPU.Build.0 = Release|Any CPU
		{E10FBAFA-0726-41CF-814B-C1157CF92344}.Release|Any CPU.Deploy.0 = Release|Any CPU
		{E10FBAFA-0726-41CF-814B-C1157CF92344}.Release|ARM.ActiveCfg = Release|Any CPU
		{E10FBAFA-0726-41CF-814B-C1157CF92344}.Release|ARM.Build.0 = Release|Any CPU
		{E10FBAFA-0726-41CF-814B-C1157CF92344}.Release|ARM.Deploy.0 = Release|Any CPU
		{E10FBAFA-0726-41CF-814B-C1157CF92344}.Release|iPhone.ActiveCfg = Release|Any CPU
		{E10FBAFA-0726-41CF-814B-C1157CF92344}.Release|iPhone.Build.0 = Release|Any CPU
		{E10FBAFA-0726-41CF-814B-C1157CF92344}.Release|iPhone.Deploy.0 = Release|Any CPU
		{E10FBAFA-0726-41CF-814B-C1157CF92344}.Release|iPhoneSimulator.ActiveCfg = Release|Any CPU
		{E10FBAFA-0726-41CF-814B-C1157CF92344}.Release|iPhoneSimulator.Build.0 = Release|Any CPU
		{E10FBAFA-0726-41CF-814B-C1157CF92344}.Release|iPhoneSimulator.Deploy.0 = Release|Any CPU
		{E10FBAFA-0726-41CF-814B-C1157CF92344}.Release|x86.ActiveCfg = Release|Any CPU
		{E10FBAFA-0726-41CF-814B-C1157CF92344}.Release|x86.Build.0 = Release|Any CPU
		{E10FBAFA-0726-41CF-814B-C1157CF92344}.Release|x86.Deploy.0 = Release|Any CPU
		{229C9C9E-FEFB-4833-A02D-44AB4452A8DA}.Ad-Hoc|Any CPU.ActiveCfg = Release|Any CPU
		{229C9C9E-FEFB-4833-A02D-44AB4452A8DA}.Ad-Hoc|Any CPU.Build.0 = Release|Any CPU
		{229C9C9E-FEFB-4833-A02D-44AB4452A8DA}.Ad-Hoc|Any CPU.Deploy.0 = Release|Any CPU
		{229C9C9E-FEFB-4833-A02D-44AB4452A8DA}.Ad-Hoc|ARM.ActiveCfg = Release|ARM
		{229C9C9E-FEFB-4833-A02D-44AB4452A8DA}.Ad-Hoc|ARM.Build.0 = Release|ARM
		{229C9C9E-FEFB-4833-A02D-44AB4452A8DA}.Ad-Hoc|ARM.Deploy.0 = Release|ARM
		{229C9C9E-FEFB-4833-A02D-44AB4452A8DA}.Ad-Hoc|iPhone.ActiveCfg = Release|Any CPU
		{229C9C9E-FEFB-4833-A02D-44AB4452A8DA}.Ad-Hoc|iPhone.Build.0 = Release|Any CPU
		{229C9C9E-FEFB-4833-A02D-44AB4452A8DA}.Ad-Hoc|iPhone.Deploy.0 = Release|Any CPU
		{229C9C9E-FEFB-4833-A02D-44AB4452A8DA}.Ad-Hoc|iPhoneSimulator.ActiveCfg = Release|Any CPU
		{229C9C9E-FEFB-4833-A02D-44AB4452A8DA}.Ad-Hoc|iPhoneSimulator.Build.0 = Release|Any CPU
		{229C9C9E-FEFB-4833-A02D-44AB4452A8DA}.Ad-Hoc|iPhoneSimulator.Deploy.0 = Release|Any CPU
		{229C9C9E-FEFB-4833-A02D-44AB4452A8DA}.Ad-Hoc|x86.ActiveCfg = Release|x86
		{229C9C9E-FEFB-4833-A02D-44AB4452A8DA}.Ad-Hoc|x86.Build.0 = Release|x86
		{229C9C9E-FEFB-4833-A02D-44AB4452A8DA}.Ad-Hoc|x86.Deploy.0 = Release|x86
		{229C9C9E-FEFB-4833-A02D-44AB4452A8DA}.AppStore|Any CPU.ActiveCfg = Release|Any CPU
		{229C9C9E-FEFB-4833-A02D-44AB4452A8DA}.AppStore|Any CPU.Build.0 = Release|Any CPU
		{229C9C9E-FEFB-4833-A02D-44AB4452A8DA}.AppStore|Any CPU.Deploy.0 = Release|Any CPU
		{229C9C9E-FEFB-4833-A02D-44AB4452A8DA}.AppStore|ARM.ActiveCfg = Release|ARM
		{229C9C9E-FEFB-4833-A02D-44AB4452A8DA}.AppStore|ARM.Build.0 = Release|ARM
		{229C9C9E-FEFB-4833-A02D-44AB4452A8DA}.AppStore|ARM.Deploy.0 = Release|ARM
		{229C9C9E-FEFB-4833-A02D-44AB4452A8DA}.AppStore|iPhone.ActiveCfg = Release|Any CPU
		{229C9C9E-FEFB-4833-A02D-44AB4452A8DA}.AppStore|iPhone.Build.0 = Release|Any CPU
		{229C9C9E-FEFB-4833-A02D-44AB4452A8DA}.AppStore|iPhone.Deploy.0 = Release|Any CPU
		{229C9C9E-FEFB-4833-A02D-44AB4452A8DA}.AppStore|iPhoneSimulator.ActiveCfg = Release|Any CPU
		{229C9C9E-FEFB-4833-A02D-44AB4452A8DA}.AppStore|iPhoneSimulator.Build.0 = Release|Any CPU
		{229C9C9E-FEFB-4833-A02D-44AB4452A8DA}.AppStore|iPhoneSimulator.Deploy.0 = Release|Any CPU
		{229C9C9E-FEFB-4833-A02D-44AB4452A8DA}.AppStore|x86.ActiveCfg = Release|x86
		{229C9C9E-FEFB-4833-A02D-44AB4452A8DA}.AppStore|x86.Build.0 = Release|x86
		{229C9C9E-FEFB-4833-A02D-44AB4452A8DA}.AppStore|x86.Deploy.0 = Release|x86
		{229C9C9E-FEFB-4833-A02D-44AB4452A8DA}.Debug|Any CPU.ActiveCfg = Debug|Any CPU
		{229C9C9E-FEFB-4833-A02D-44AB4452A8DA}.Debug|Any CPU.Build.0 = Debug|Any CPU
		{229C9C9E-FEFB-4833-A02D-44AB4452A8DA}.Debug|Any CPU.Deploy.0 = Debug|Any CPU
		{229C9C9E-FEFB-4833-A02D-44AB4452A8DA}.Debug|ARM.ActiveCfg = Debug|ARM
		{229C9C9E-FEFB-4833-A02D-44AB4452A8DA}.Debug|ARM.Build.0 = Debug|ARM
		{229C9C9E-FEFB-4833-A02D-44AB4452A8DA}.Debug|ARM.Deploy.0 = Debug|ARM
		{229C9C9E-FEFB-4833-A02D-44AB4452A8DA}.Debug|iPhone.ActiveCfg = Debug|Any CPU
		{229C9C9E-FEFB-4833-A02D-44AB4452A8DA}.Debug|iPhone.Build.0 = Debug|Any CPU
		{229C9C9E-FEFB-4833-A02D-44AB4452A8DA}.Debug|iPhone.Deploy.0 = Debug|Any CPU
		{229C9C9E-FEFB-4833-A02D-44AB4452A8DA}.Debug|iPhoneSimulator.ActiveCfg = Debug|Any CPU
		{229C9C9E-FEFB-4833-A02D-44AB4452A8DA}.Debug|iPhoneSimulator.Build.0 = Debug|Any CPU
		{229C9C9E-FEFB-4833-A02D-44AB4452A8DA}.Debug|iPhoneSimulator.Deploy.0 = Debug|Any CPU
		{229C9C9E-FEFB-4833-A02D-44AB4452A8DA}.Debug|x86.ActiveCfg = Debug|x86
		{229C9C9E-FEFB-4833-A02D-44AB4452A8DA}.Debug|x86.Build.0 = Debug|x86
		{229C9C9E-FEFB-4833-A02D-44AB4452A8DA}.Debug|x86.Deploy.0 = Debug|x86
		{229C9C9E-FEFB-4833-A02D-44AB4452A8DA}.Release|Any CPU.ActiveCfg = Release|Any CPU
		{229C9C9E-FEFB-4833-A02D-44AB4452A8DA}.Release|Any CPU.Build.0 = Release|Any CPU
		{229C9C9E-FEFB-4833-A02D-44AB4452A8DA}.Release|Any CPU.Deploy.0 = Release|Any CPU
		{229C9C9E-FEFB-4833-A02D-44AB4452A8DA}.Release|ARM.ActiveCfg = Release|ARM
		{229C9C9E-FEFB-4833-A02D-44AB4452A8DA}.Release|ARM.Build.0 = Release|ARM
		{229C9C9E-FEFB-4833-A02D-44AB4452A8DA}.Release|ARM.Deploy.0 = Release|ARM
		{229C9C9E-FEFB-4833-A02D-44AB4452A8DA}.Release|iPhone.ActiveCfg = Release|Any CPU
		{229C9C9E-FEFB-4833-A02D-44AB4452A8DA}.Release|iPhone.Build.0 = Release|Any CPU
		{229C9C9E-FEFB-4833-A02D-44AB4452A8DA}.Release|iPhone.Deploy.0 = Release|Any CPU
		{229C9C9E-FEFB-4833-A02D-44AB4452A8DA}.Release|iPhoneSimulator.ActiveCfg = Release|Any CPU
		{229C9C9E-FEFB-4833-A02D-44AB4452A8DA}.Release|iPhoneSimulator.Build.0 = Release|Any CPU
		{229C9C9E-FEFB-4833-A02D-44AB4452A8DA}.Release|iPhoneSimulator.Deploy.0 = Release|Any CPU
		{229C9C9E-FEFB-4833-A02D-44AB4452A8DA}.Release|x86.ActiveCfg = Release|x86
		{229C9C9E-FEFB-4833-A02D-44AB4452A8DA}.Release|x86.Build.0 = Release|x86
		{229C9C9E-FEFB-4833-A02D-44AB4452A8DA}.Release|x86.Deploy.0 = Release|x86
	EndGlobalSection
	GlobalSection(SolutionProperties) = preSolution
		HideSolutionNode = FALSE
	EndGlobalSection
EndGlobal
