
Microsoft Visual Studio Solution File, Format Version 12.00
# Visual Studio 2012
Project("{FAE04EC0-301F-11D3-BF4B-00C04F79EFBC}") = "UITestDemo", "UITestDemo.csproj", "{CBBB0981-6DAE-4C8F-973C-12C4614F41DF}"
EndProject
Project("{FAE04EC0-301F-11D3-BF4B-00C04F79EFBC}") = "UITestDemo.iOS", "iOS\UITestDemo.iOS.csproj", "{D3F30224-B5E3-4A59-8F56-114A2DCECEA6}"
EndProject
Project("{FAE04EC0-301F-11D3-BF4B-00C04F79EFBC}") = "UITestDemo.Droid", "Droid\UITestDemo.Droid.csproj", "{BB495BF3-D710-4C75-BD32-AC07CA6431E3}"
EndProject
Project("{FAE04EC0-301F-11D3-BF4B-00C04F79EFBC}") = "UITestDemo.UITests", "UITests\UITestDemo.UITests.csproj", "{414A35AF-9993-4A3E-B32C-4F24B665E705}"
EndProject
Project("{f2a71f9b-5d33-465a-a702-920d77279786}") = "UITestDemo.UnitTests", "UITestDemo.UnitTests\UITestDemo.UnitTests.fsproj", "{70E1AFEC-A6B0-4CFD-8B84-0170B3718F67}"
EndProject
Global
	GlobalSection(SolutionConfigurationPlatforms) = preSolution
		Debug|Any CPU = Debug|Any CPU
		Release|Any CPU = Release|Any CPU
		Debug|iPhoneSimulator = Debug|iPhoneSimulator
		Release|iPhone = Release|iPhone
		Release|iPhoneSimulator = Release|iPhoneSimulator
		Debug|iPhone = Debug|iPhone
	EndGlobalSection
	GlobalSection(ProjectConfigurationPlatforms) = postSolution
		{414A35AF-9993-4A3E-B32C-4F24B665E705}.Debug|Any CPU.ActiveCfg = Debug|Any CPU
		{414A35AF-9993-4A3E-B32C-4F24B665E705}.Debug|Any CPU.Build.0 = Debug|Any CPU
		{414A35AF-9993-4A3E-B32C-4F24B665E705}.Debug|iPhone.ActiveCfg = Debug|Any CPU
		{414A35AF-9993-4A3E-B32C-4F24B665E705}.Debug|iPhone.Build.0 = Debug|Any CPU
		{414A35AF-9993-4A3E-B32C-4F24B665E705}.Debug|iPhoneSimulator.ActiveCfg = Debug|Any CPU
		{414A35AF-9993-4A3E-B32C-4F24B665E705}.Debug|iPhoneSimulator.Build.0 = Debug|Any CPU
		{414A35AF-9993-4A3E-B32C-4F24B665E705}.Release|Any CPU.ActiveCfg = Release|Any CPU
		{414A35AF-9993-4A3E-B32C-4F24B665E705}.Release|Any CPU.Build.0 = Release|Any CPU
		{414A35AF-9993-4A3E-B32C-4F24B665E705}.Release|iPhone.ActiveCfg = Release|Any CPU
		{414A35AF-9993-4A3E-B32C-4F24B665E705}.Release|iPhone.Build.0 = Release|Any CPU
		{414A35AF-9993-4A3E-B32C-4F24B665E705}.Release|iPhoneSimulator.ActiveCfg = Release|Any CPU
		{414A35AF-9993-4A3E-B32C-4F24B665E705}.Release|iPhoneSimulator.Build.0 = Release|Any CPU
		{70E1AFEC-A6B0-4CFD-8B84-0170B3718F67}.Debug|Any CPU.ActiveCfg = Debug|Any CPU
		{70E1AFEC-A6B0-4CFD-8B84-0170B3718F67}.Debug|Any CPU.Build.0 = Debug|Any CPU
		{70E1AFEC-A6B0-4CFD-8B84-0170B3718F67}.Debug|iPhone.ActiveCfg = Debug|Any CPU
		{70E1AFEC-A6B0-4CFD-8B84-0170B3718F67}.Debug|iPhone.Build.0 = Debug|Any CPU
		{70E1AFEC-A6B0-4CFD-8B84-0170B3718F67}.Debug|iPhoneSimulator.ActiveCfg = Debug|Any CPU
		{70E1AFEC-A6B0-4CFD-8B84-0170B3718F67}.Debug|iPhoneSimulator.Build.0 = Debug|Any CPU
		{70E1AFEC-A6B0-4CFD-8B84-0170B3718F67}.Release|Any CPU.ActiveCfg = Release|Any CPU
		{70E1AFEC-A6B0-4CFD-8B84-0170B3718F67}.Release|Any CPU.Build.0 = Release|Any CPU
		{70E1AFEC-A6B0-4CFD-8B84-0170B3718F67}.Release|iPhone.ActiveCfg = Release|Any CPU
		{70E1AFEC-A6B0-4CFD-8B84-0170B3718F67}.Release|iPhone.Build.0 = Release|Any CPU
		{70E1AFEC-A6B0-4CFD-8B84-0170B3718F67}.Release|iPhoneSimulator.ActiveCfg = Release|Any CPU
		{70E1AFEC-A6B0-4CFD-8B84-0170B3718F67}.Release|iPhoneSimulator.Build.0 = Release|Any CPU
		{BB495BF3-D710-4C75-BD32-AC07CA6431E3}.Debug|Any CPU.ActiveCfg = Debug|Any CPU
		{BB495BF3-D710-4C75-BD32-AC07CA6431E3}.Debug|Any CPU.Build.0 = Debug|Any CPU
		{BB495BF3-D710-4C75-BD32-AC07CA6431E3}.Debug|iPhone.ActiveCfg = Debug|Any CPU
		{BB495BF3-D710-4C75-BD32-AC07CA6431E3}.Debug|iPhone.Build.0 = Debug|Any CPU
		{BB495BF3-D710-4C75-BD32-AC07CA6431E3}.Debug|iPhoneSimulator.ActiveCfg = Debug|Any CPU
		{BB495BF3-D710-4C75-BD32-AC07CA6431E3}.Debug|iPhoneSimulator.Build.0 = Debug|Any CPU
		{BB495BF3-D710-4C75-BD32-AC07CA6431E3}.Release|Any CPU.ActiveCfg = Release|Any CPU
		{BB495BF3-D710-4C75-BD32-AC07CA6431E3}.Release|Any CPU.Build.0 = Release|Any CPU
		{BB495BF3-D710-4C75-BD32-AC07CA6431E3}.Release|iPhone.ActiveCfg = Release|Any CPU
		{BB495BF3-D710-4C75-BD32-AC07CA6431E3}.Release|iPhone.Build.0 = Release|Any CPU
		{BB495BF3-D710-4C75-BD32-AC07CA6431E3}.Release|iPhoneSimulator.ActiveCfg = Release|Any CPU
		{BB495BF3-D710-4C75-BD32-AC07CA6431E3}.Release|iPhoneSimulator.Build.0 = Release|Any CPU
		{CBBB0981-6DAE-4C8F-973C-12C4614F41DF}.Debug|Any CPU.ActiveCfg = Debug|Any CPU
		{CBBB0981-6DAE-4C8F-973C-12C4614F41DF}.Debug|Any CPU.Build.0 = Debug|Any CPU
		{CBBB0981-6DAE-4C8F-973C-12C4614F41DF}.Debug|iPhone.ActiveCfg = Debug|Any CPU
		{CBBB0981-6DAE-4C8F-973C-12C4614F41DF}.Debug|iPhone.Build.0 = Debug|Any CPU
		{CBBB0981-6DAE-4C8F-973C-12C4614F41DF}.Debug|iPhoneSimulator.ActiveCfg = Debug|Any CPU
		{CBBB0981-6DAE-4C8F-973C-12C4614F41DF}.Debug|iPhoneSimulator.Build.0 = Debug|Any CPU
		{CBBB0981-6DAE-4C8F-973C-12C4614F41DF}.Release|Any CPU.ActiveCfg = Release|Any CPU
		{CBBB0981-6DAE-4C8F-973C-12C4614F41DF}.Release|Any CPU.Build.0 = Release|Any CPU
		{CBBB0981-6DAE-4C8F-973C-12C4614F41DF}.Release|iPhone.ActiveCfg = Release|Any CPU
		{CBBB0981-6DAE-4C8F-973C-12C4614F41DF}.Release|iPhone.Build.0 = Release|Any CPU
		{CBBB0981-6DAE-4C8F-973C-12C4614F41DF}.Release|iPhoneSimulator.ActiveCfg = Release|Any CPU
		{CBBB0981-6DAE-4C8F-973C-12C4614F41DF}.Release|iPhoneSimulator.Build.0 = Release|Any CPU
		{D3F30224-B5E3-4A59-8F56-114A2DCECEA6}.Debug|Any CPU.ActiveCfg = Debug|iPhoneSimulator
		{D3F30224-B5E3-4A59-8F56-114A2DCECEA6}.Debug|Any CPU.Build.0 = Debug|iPhoneSimulator
		{D3F30224-B5E3-4A59-8F56-114A2DCECEA6}.Debug|iPhone.ActiveCfg = Debug|iPhone
		{D3F30224-B5E3-4A59-8F56-114A2DCECEA6}.Debug|iPhone.Build.0 = Debug|iPhone
		{D3F30224-B5E3-4A59-8F56-114A2DCECEA6}.Debug|iPhoneSimulator.ActiveCfg = Debug|iPhoneSimulator
		{D3F30224-B5E3-4A59-8F56-114A2DCECEA6}.Debug|iPhoneSimulator.Build.0 = Debug|iPhoneSimulator
		{D3F30224-B5E3-4A59-8F56-114A2DCECEA6}.Release|Any CPU.ActiveCfg = Release|iPhone
		{D3F30224-B5E3-4A59-8F56-114A2DCECEA6}.Release|Any CPU.Build.0 = Release|iPhone
		{D3F30224-B5E3-4A59-8F56-114A2DCECEA6}.Release|iPhone.ActiveCfg = Release|iPhone
		{D3F30224-B5E3-4A59-8F56-114A2DCECEA6}.Release|iPhone.Build.0 = Release|iPhone
		{D3F30224-B5E3-4A59-8F56-114A2DCECEA6}.Release|iPhoneSimulator.ActiveCfg = Release|iPhoneSimulator
		{D3F30224-B5E3-4A59-8F56-114A2DCECEA6}.Release|iPhoneSimulator.Build.0 = Release|iPhoneSimulator
	EndGlobalSection
EndGlobal
